// !$*UTF8*$!
{
	archiveVersion = 1;
	classes = {
	};
	objectVersion = 55;
	objects = {

/* Begin PBXBuildFile section */
		3F0AFEB429A525FE00CF7957 /* AppDelegate.m in Sources */ = {isa = PBXBuildFile; fileRef = 3F0AFEB329A525FE00CF7957 /* AppDelegate.m */; };
		3F0AFEB729A525FE00CF7957 /* SceneDelegate.m in Sources */ = {isa = PBXBuildFile; fileRef = 3F0AFEB629A525FE00CF7957 /* SceneDelegate.m */; };
		3F0AFEBA29A525FE00CF7957 /* ViewController.m in Sources */ = {isa = PBXBuildFile; fileRef = 3F0AFEB929A525FE00CF7957 /* ViewController.m */; };
		3F0AFEBD29A525FE00CF7957 /* Main.storyboard in Resources */ = {isa = PBXBuildFile; fileRef = 3F0AFEBB29A525FE00CF7957 /* Main.storyboard */; };
		3F0AFEBF29A525FF00CF7957 /* Assets.xcassets in Resources */ = {isa = PBXBuildFile; fileRef = 3F0AFEBE29A525FF00CF7957 /* Assets.xcassets */; };
		3F0AFEC229A525FF00CF7957 /* LaunchScreen.storyboard in Resources */ = {isa = PBXBuildFile; fileRef = 3F0AFEC029A525FF00CF7957 /* LaunchScreen.storyboard */; };
		3F0AFEC529A525FF00CF7957 /* main.m in Sources */ = {isa = PBXBuildFile; fileRef = 3F0AFEC429A525FF00CF7957 /* main.m */; };
		3F0AFECF29A5296B00CF7957 /* MMText.framework in Frameworks */ = {isa = PBXBuildFile; fileRef = 3FCDBBEB29A50CE4007FEC27 /* MMText.framework */; };
		3F0AFED029A5296B00CF7957 /* MMText.framework in Embed Frameworks */ = {isa = PBXBuildFile; fileRef = 3FCDBBEB29A50CE4007FEC27 /* MMText.framework */; settings = {ATTRIBUTES = (CodeSignOnCopy, RemoveHeadersOnCopy, ); }; };
		3F0D2A51288D1F7300E72797 /* AppDelegate.m in Sources */ = {isa = PBXBuildFile; fileRef = 3F0D2A50288D1F7300E72797 /* AppDelegate.m */; };
		3F0D2A54288D1F7300E72797 /* SceneDelegate.m in Sources */ = {isa = PBXBuildFile; fileRef = 3F0D2A53288D1F7300E72797 /* SceneDelegate.m */; };
		3F0D2A57288D1F7300E72797 /* ViewController.m in Sources */ = {isa = PBXBuildFile; fileRef = 3F0D2A56288D1F7300E72797 /* ViewController.m */; };
		3F0D2A5A288D1F7300E72797 /* Main.storyboard in Resources */ = {isa = PBXBuildFile; fileRef = 3F0D2A58288D1F7300E72797 /* Main.storyboard */; };
		3F0D2A5C288D1F7400E72797 /* Assets.xcassets in Resources */ = {isa = PBXBuildFile; fileRef = 3F0D2A5B288D1F7400E72797 /* Assets.xcassets */; };
		3F0D2A5F288D1F7400E72797 /* LaunchScreen.storyboard in Resources */ = {isa = PBXBuildFile; fileRef = 3F0D2A5D288D1F7400E72797 /* LaunchScreen.storyboard */; };
		3F0D2A62288D1F7400E72797 /* main.m in Sources */ = {isa = PBXBuildFile; fileRef = 3F0D2A61288D1F7400E72797 /* main.m */; };
		3F0D2A69288D1F9F00E72797 /* UIView+Frame.m in Sources */ = {isa = PBXBuildFile; fileRef = 3F0D2A67288D1F9F00E72797 /* UIView+Frame.m */; };
		3F0D2A7D288D1FAE00E72797 /* CoreTextUtils.m in Sources */ = {isa = PBXBuildFile; fileRef = 3F0D2A6C288D1FAE00E72797 /* CoreTextUtils.m */; };
		3F0D2A7E288D1FAE00E72797 /* CTFrameParser.m in Sources */ = {isa = PBXBuildFile; fileRef = 3F0D2A6F288D1FAE00E72797 /* CTFrameParser.m */; };
		3F0D2A7F288D1FAE00E72797 /* CoreTextImageData.m in Sources */ = {isa = PBXBuildFile; fileRef = 3F0D2A73288D1FAE00E72797 /* CoreTextImageData.m */; };
		3F0D2A80288D1FAE00E72797 /* CTFrameParserConfig.m in Sources */ = {isa = PBXBuildFile; fileRef = 3F0D2A77288D1FAE00E72797 /* CTFrameParserConfig.m */; };
		3F0D2A81288D1FAE00E72797 /* CoreTextData.m in Sources */ = {isa = PBXBuildFile; fileRef = 3F0D2A78288D1FAE00E72797 /* CoreTextData.m */; };
		3F0D2A82288D1FAE00E72797 /* CoreTextLinkData.m in Sources */ = {isa = PBXBuildFile; fileRef = 3F0D2A79288D1FAE00E72797 /* CoreTextLinkData.m */; };
		3F0D2A83288D1FAE00E72797 /* CTDisplayView.m in Sources */ = {isa = PBXBuildFile; fileRef = 3F0D2A7B288D1FAE00E72797 /* CTDisplayView.m */; };
		3F0D2A86288D208F00E72797 /* content.json in Resources */ = {isa = PBXBuildFile; fileRef = 3F0D2A85288D208F00E72797 /* content.json */; };
		3F0D2A8F288D21CC00E72797 /* AppDelegate.m in Sources */ = {isa = PBXBuildFile; fileRef = 3F0D2A8E288D21CC00E72797 /* AppDelegate.m */; };
		3F0D2A92288D21CC00E72797 /* SceneDelegate.m in Sources */ = {isa = PBXBuildFile; fileRef = 3F0D2A91288D21CC00E72797 /* SceneDelegate.m */; };
		3F0D2A95288D21CC00E72797 /* ViewController.m in Sources */ = {isa = PBXBuildFile; fileRef = 3F0D2A94288D21CC00E72797 /* ViewController.m */; };
		3F0D2A98288D21CC00E72797 /* Main.storyboard in Resources */ = {isa = PBXBuildFile; fileRef = 3F0D2A96288D21CC00E72797 /* Main.storyboard */; };
		3F0D2A9A288D21CC00E72797 /* Assets.xcassets in Resources */ = {isa = PBXBuildFile; fileRef = 3F0D2A99288D21CC00E72797 /* Assets.xcassets */; };
		3F0D2A9D288D21CC00E72797 /* LaunchScreen.storyboard in Resources */ = {isa = PBXBuildFile; fileRef = 3F0D2A9B288D21CC00E72797 /* LaunchScreen.storyboard */; };
		3F0D2AA0288D21CC00E72797 /* main.m in Sources */ = {isa = PBXBuildFile; fileRef = 3F0D2A9F288D21CC00E72797 /* main.m */; };
		3F0D2AAC288D22EC00E72797 /* AppDelegate.m in Sources */ = {isa = PBXBuildFile; fileRef = 3F0D2AAB288D22EC00E72797 /* AppDelegate.m */; };
		3F0D2AAF288D22EC00E72797 /* SceneDelegate.m in Sources */ = {isa = PBXBuildFile; fileRef = 3F0D2AAE288D22EC00E72797 /* SceneDelegate.m */; };
		3F0D2AB2288D22EC00E72797 /* ViewController.m in Sources */ = {isa = PBXBuildFile; fileRef = 3F0D2AB1288D22EC00E72797 /* ViewController.m */; };
		3F0D2AB5288D22EC00E72797 /* Main.storyboard in Resources */ = {isa = PBXBuildFile; fileRef = 3F0D2AB3288D22EC00E72797 /* Main.storyboard */; };
		3F0D2AB7288D22ED00E72797 /* Assets.xcassets in Resources */ = {isa = PBXBuildFile; fileRef = 3F0D2AB6288D22ED00E72797 /* Assets.xcassets */; };
		3F0D2ABA288D22ED00E72797 /* LaunchScreen.storyboard in Resources */ = {isa = PBXBuildFile; fileRef = 3F0D2AB8288D22ED00E72797 /* LaunchScreen.storyboard */; };
		3F0D2ABD288D22ED00E72797 /* main.m in Sources */ = {isa = PBXBuildFile; fileRef = 3F0D2ABC288D22ED00E72797 /* main.m */; };
		3F0D2AC6288D230700E72797 /* ColumnView.m in Sources */ = {isa = PBXBuildFile; fileRef = 3F0D2AC2288D230700E72797 /* ColumnView.m */; };
		3F0D2AC7288D230700E72797 /* ColumnViewV2.m in Sources */ = {isa = PBXBuildFile; fileRef = 3F0D2AC4288D230700E72797 /* ColumnViewV2.m */; };
		3F0D2AD0288D253500E72797 /* AppDelegate.m in Sources */ = {isa = PBXBuildFile; fileRef = 3F0D2ACF288D253500E72797 /* AppDelegate.m */; };
		3F0D2AD3288D253500E72797 /* SceneDelegate.m in Sources */ = {isa = PBXBuildFile; fileRef = 3F0D2AD2288D253500E72797 /* SceneDelegate.m */; };
		3F0D2AD6288D253500E72797 /* ViewController.m in Sources */ = {isa = PBXBuildFile; fileRef = 3F0D2AD5288D253500E72797 /* ViewController.m */; };
		3F0D2AD9288D253500E72797 /* Main.storyboard in Resources */ = {isa = PBXBuildFile; fileRef = 3F0D2AD7288D253500E72797 /* Main.storyboard */; };
		3F0D2ADB288D253600E72797 /* Assets.xcassets in Resources */ = {isa = PBXBuildFile; fileRef = 3F0D2ADA288D253600E72797 /* Assets.xcassets */; };
		3F0D2ADE288D253600E72797 /* LaunchScreen.storyboard in Resources */ = {isa = PBXBuildFile; fileRef = 3F0D2ADC288D253600E72797 /* LaunchScreen.storyboard */; };
		3F0D2AE1288D253600E72797 /* main.m in Sources */ = {isa = PBXBuildFile; fileRef = 3F0D2AE0288D253600E72797 /* main.m */; };
		3F0D2AEA288D254E00E72797 /* CoreTextView.m in Sources */ = {isa = PBXBuildFile; fileRef = 3F0D2AE6288D254E00E72797 /* CoreTextView.m */; };
		3F0D2AEB288D254E00E72797 /* EditableCoreTextView.m in Sources */ = {isa = PBXBuildFile; fileRef = 3F0D2AE8288D254E00E72797 /* EditableCoreTextView.m */; };
		3F0D2AEE288D255400E72797 /* CaretView.m in Sources */ = {isa = PBXBuildFile; fileRef = 3F0D2AEC288D255400E72797 /* CaretView.m */; };
		3F0D2AF4288D255F00E72797 /* IndexedRange.m in Sources */ = {isa = PBXBuildFile; fileRef = 3F0D2AF1288D255F00E72797 /* IndexedRange.m */; };
		3F0D2AF5288D255F00E72797 /* IndexedPosition.m in Sources */ = {isa = PBXBuildFile; fileRef = 3F0D2AF2288D255F00E72797 /* IndexedPosition.m */; };
		3F0D2AFE288D26FB00E72797 /* AppDelegate.m in Sources */ = {isa = PBXBuildFile; fileRef = 3F0D2AFD288D26FB00E72797 /* AppDelegate.m */; };
		3F0D2B04288D26FB00E72797 /* ViewController.m in Sources */ = {isa = PBXBuildFile; fileRef = 3F0D2B03288D26FB00E72797 /* ViewController.m */; };
		3F0D2B09288D26FC00E72797 /* Assets.xcassets in Resources */ = {isa = PBXBuildFile; fileRef = 3F0D2B08288D26FC00E72797 /* Assets.xcassets */; };
		3F0D2B0C288D26FC00E72797 /* LaunchScreen.storyboard in Resources */ = {isa = PBXBuildFile; fileRef = 3F0D2B0A288D26FC00E72797 /* LaunchScreen.storyboard */; };
		3F0D2B0F288D26FC00E72797 /* main.m in Sources */ = {isa = PBXBuildFile; fileRef = 3F0D2B0E288D26FC00E72797 /* main.m */; };
		3F0D2B15288D2A7600E72797 /* MMTextView.m in Sources */ = {isa = PBXBuildFile; fileRef = 3F0D2B14288D2A7600E72797 /* MMTextView.m */; };
		3F0D2B18288D2AB900E72797 /* UIView+Frame.m in Sources */ = {isa = PBXBuildFile; fileRef = 3F0D2B17288D2AB900E72797 /* UIView+Frame.m */; };
		3F0D2B1B288D2EA800E72797 /* MMTextAttachment.m in Sources */ = {isa = PBXBuildFile; fileRef = 3F0D2B1A288D2EA800E72797 /* MMTextAttachment.m */; };
		3F0D2B1E288D30BD00E72797 /* MMAttachmentView.m in Sources */ = {isa = PBXBuildFile; fileRef = 3F0D2B1D288D30BD00E72797 /* MMAttachmentView.m */; };
		3F0D2B21288D33A300E72797 /* MMImageAttachmentView.m in Sources */ = {isa = PBXBuildFile; fileRef = 3F0D2B20288D33A300E72797 /* MMImageAttachmentView.m */; };
		3F0D2B24288D33B700E72797 /* MMFileAttachmentView.m in Sources */ = {isa = PBXBuildFile; fileRef = 3F0D2B23288D33B700E72797 /* MMFileAttachmentView.m */; };
		3F0D2B28288D462F00E72797 /* MMAttachmentData.m in Sources */ = {isa = PBXBuildFile; fileRef = 3F0D2B27288D462F00E72797 /* MMAttachmentData.m */; };
		3F0D2B2B288D4AF700E72797 /* MMLayoutManager.m in Sources */ = {isa = PBXBuildFile; fileRef = 3F0D2B2A288D4AF700E72797 /* MMLayoutManager.m */; };
		3F19CBEF29A51E8900496FB4 /* MMTextLayerAnimation.h in Headers */ = {isa = PBXBuildFile; fileRef = 3F19CBED29A51E8900496FB4 /* MMTextLayerAnimation.h */; };
		3F19CBF029A51E8900496FB4 /* MMTextLayerAnimation.m in Sources */ = {isa = PBXBuildFile; fileRef = 3F19CBEE29A51E8900496FB4 /* MMTextLayerAnimation.m */; };
		3FC8A9A628917D8E00B3DD02 /* NSObject+YYModel.m in Sources */ = {isa = PBXBuildFile; fileRef = 3FC8A9A528917D8E00B3DD02 /* NSObject+YYModel.m */; };
		3FC8A9F028917E4200B3DD02 /* YYClassInfo.m in Sources */ = {isa = PBXBuildFile; fileRef = 3FC8A9EF28917E4200B3DD02 /* YYClassInfo.m */; };
		3FC8AB612895184600B3DD02 /* AppDelegate.m in Sources */ = {isa = PBXBuildFile; fileRef = 3FC8AB602895184600B3DD02 /* AppDelegate.m */; };
		3FC8AB6C2895184700B3DD02 /* Assets.xcassets in Resources */ = {isa = PBXBuildFile; fileRef = 3FC8AB6B2895184600B3DD02 /* Assets.xcassets */; };
		3FC8AB6F2895184700B3DD02 /* LaunchScreen.storyboard in Resources */ = {isa = PBXBuildFile; fileRef = 3FC8AB6D2895184700B3DD02 /* LaunchScreen.storyboard */; };
		3FC8AB722895184700B3DD02 /* main.m in Sources */ = {isa = PBXBuildFile; fileRef = 3FC8AB712895184700B3DD02 /* main.m */; };
		3FC8AB782895187900B3DD02 /* CircleTextViewController.m in Sources */ = {isa = PBXBuildFile; fileRef = 3FC8AB772895187900B3DD02 /* CircleTextViewController.m */; };
		3FC8AB7B2895189F00B3DD02 /* CircleTextContainer.m in Sources */ = {isa = PBXBuildFile; fileRef = 3FC8AB7A2895189F00B3DD02 /* CircleTextContainer.m */; };
		3FC8AB7D28951C7900B3DD02 /* Sample.rtf in Resources */ = {isa = PBXBuildFile; fileRef = 3FC8AB7C28951C7900B3DD02 /* Sample.rtf */; };
		3FC8AB802895320B00B3DD02 /* ExcludePathViewController.m in Sources */ = {isa = PBXBuildFile; fileRef = 3FC8AB7F2895320B00B3DD02 /* ExcludePathViewController.m */; };
		3FCB7AA1289ABB9E001AB61A /* ColorTextViewController.m in Sources */ = {isa = PBXBuildFile; fileRef = 3FCB7AA0289ABB9E001AB61A /* ColorTextViewController.m */; };
		3FCB7AA4289C15F0001AB61A /* ColoringTextStorage.m in Sources */ = {isa = PBXBuildFile; fileRef = 3FCB7AA3289C15F0001AB61A /* ColoringTextStorage.m */; };
		3FCDBBEE29A50CE5007FEC27 /* MMText.h in Headers */ = {isa = PBXBuildFile; fileRef = 3FCDBBED29A50CE5007FEC27 /* MMText.h */; settings = {ATTRIBUTES = (Public, ); }; };
		3FCDBBF429A50D5C007FEC27 /* MMTextAnimationLabel.h in Headers */ = {isa = PBXBuildFile; fileRef = 3FCDBBF229A50D5C007FEC27 /* MMTextAnimationLabel.h */; settings = {ATTRIBUTES = (Public, ); }; };
		3FCDBBF529A50D5C007FEC27 /* MMTextAnimationLabel.m in Sources */ = {isa = PBXBuildFile; fileRef = 3FCDBBF329A50D5C007FEC27 /* MMTextAnimationLabel.m */; };
/* End PBXBuildFile section */

/* Begin PBXContainerItemProxy section */
		3F0AFECC29A5278F00CF7957 /* PBXContainerItemProxy */ = {
			isa = PBXContainerItemProxy;
			containerPortal = 3F0D2A25288D1E6800E72797 /* Project object */;
			proxyType = 1;
			remoteGlobalIDString = 3FCDBBEA29A50CE4007FEC27;
			remoteInfo = MMText;
		};
/* End PBXContainerItemProxy section */

/* Begin PBXCopyFilesBuildPhase section */
		3F0AFED129A5296B00CF7957 /* Embed Frameworks */ = {
			isa = PBXCopyFilesBuildPhase;
			buildActionMask = 2147483647;
			dstPath = "";
			dstSubfolderSpec = 10;
			files = (
				3F0AFED029A5296B00CF7957 /* MMText.framework in Embed Frameworks */,
			);
			name = "Embed Frameworks";
			runOnlyForDeploymentPostprocessing = 0;
		};
/* End PBXCopyFilesBuildPhase section */

/* Begin PBXFileReference section */
		3F0AFEB029A525FE00CF7957 /* Examples.app */ = {isa = PBXFileReference; explicitFileType = wrapper.application; includeInIndex = 0; path = Examples.app; sourceTree = BUILT_PRODUCTS_DIR; };
		3F0AFEB229A525FE00CF7957 /* AppDelegate.h */ = {isa = PBXFileReference; lastKnownFileType = sourcecode.c.h; path = AppDelegate.h; sourceTree = "<group>"; };
		3F0AFEB329A525FE00CF7957 /* AppDelegate.m */ = {isa = PBXFileReference; lastKnownFileType = sourcecode.c.objc; path = AppDelegate.m; sourceTree = "<group>"; };
		3F0AFEB529A525FE00CF7957 /* SceneDelegate.h */ = {isa = PBXFileReference; lastKnownFileType = sourcecode.c.h; path = SceneDelegate.h; sourceTree = "<group>"; };
		3F0AFEB629A525FE00CF7957 /* SceneDelegate.m */ = {isa = PBXFileReference; lastKnownFileType = sourcecode.c.objc; path = SceneDelegate.m; sourceTree = "<group>"; };
		3F0AFEB829A525FE00CF7957 /* ViewController.h */ = {isa = PBXFileReference; lastKnownFileType = sourcecode.c.h; path = ViewController.h; sourceTree = "<group>"; };
		3F0AFEB929A525FE00CF7957 /* ViewController.m */ = {isa = PBXFileReference; lastKnownFileType = sourcecode.c.objc; path = ViewController.m; sourceTree = "<group>"; };
		3F0AFEBC29A525FE00CF7957 /* Base */ = {isa = PBXFileReference; lastKnownFileType = file.storyboard; name = Base; path = Base.lproj/Main.storyboard; sourceTree = "<group>"; };
		3F0AFEBE29A525FF00CF7957 /* Assets.xcassets */ = {isa = PBXFileReference; lastKnownFileType = folder.assetcatalog; path = Assets.xcassets; sourceTree = "<group>"; };
		3F0AFEC129A525FF00CF7957 /* Base */ = {isa = PBXFileReference; lastKnownFileType = file.storyboard; name = Base; path = Base.lproj/LaunchScreen.storyboard; sourceTree = "<group>"; };
		3F0AFEC329A525FF00CF7957 /* Info.plist */ = {isa = PBXFileReference; lastKnownFileType = text.plist.xml; path = Info.plist; sourceTree = "<group>"; };
		3F0AFEC429A525FF00CF7957 /* main.m */ = {isa = PBXFileReference; lastKnownFileType = sourcecode.c.objc; path = main.m; sourceTree = "<group>"; };
		3F0D2A4D288D1F7300E72797 /* TQCoreText.app */ = {isa = PBXFileReference; explicitFileType = wrapper.application; includeInIndex = 0; path = TQCoreText.app; sourceTree = BUILT_PRODUCTS_DIR; };
		3F0D2A4F288D1F7300E72797 /* AppDelegate.h */ = {isa = PBXFileReference; lastKnownFileType = sourcecode.c.h; path = AppDelegate.h; sourceTree = "<group>"; };
		3F0D2A50288D1F7300E72797 /* AppDelegate.m */ = {isa = PBXFileReference; lastKnownFileType = sourcecode.c.objc; path = AppDelegate.m; sourceTree = "<group>"; };
		3F0D2A52288D1F7300E72797 /* SceneDelegate.h */ = {isa = PBXFileReference; lastKnownFileType = sourcecode.c.h; path = SceneDelegate.h; sourceTree = "<group>"; };
		3F0D2A53288D1F7300E72797 /* SceneDelegate.m */ = {isa = PBXFileReference; lastKnownFileType = sourcecode.c.objc; path = SceneDelegate.m; sourceTree = "<group>"; };
		3F0D2A55288D1F7300E72797 /* ViewController.h */ = {isa = PBXFileReference; lastKnownFileType = sourcecode.c.h; path = ViewController.h; sourceTree = "<group>"; };
		3F0D2A56288D1F7300E72797 /* ViewController.m */ = {isa = PBXFileReference; lastKnownFileType = sourcecode.c.objc; path = ViewController.m; sourceTree = "<group>"; };
		3F0D2A59288D1F7300E72797 /* Base */ = {isa = PBXFileReference; lastKnownFileType = file.storyboard; name = Base; path = Base.lproj/Main.storyboard; sourceTree = "<group>"; };
		3F0D2A5B288D1F7400E72797 /* Assets.xcassets */ = {isa = PBXFileReference; lastKnownFileType = folder.assetcatalog; path = Assets.xcassets; sourceTree = "<group>"; };
		3F0D2A5E288D1F7400E72797 /* Base */ = {isa = PBXFileReference; lastKnownFileType = file.storyboard; name = Base; path = Base.lproj/LaunchScreen.storyboard; sourceTree = "<group>"; };
		3F0D2A60288D1F7400E72797 /* Info.plist */ = {isa = PBXFileReference; lastKnownFileType = text.plist.xml; path = Info.plist; sourceTree = "<group>"; };
		3F0D2A61288D1F7400E72797 /* main.m */ = {isa = PBXFileReference; lastKnownFileType = sourcecode.c.objc; path = main.m; sourceTree = "<group>"; };
		3F0D2A67288D1F9F00E72797 /* UIView+Frame.m */ = {isa = PBXFileReference; fileEncoding = 4; lastKnownFileType = sourcecode.c.objc; path = "UIView+Frame.m"; sourceTree = "<group>"; };
		3F0D2A68288D1F9F00E72797 /* UIView+Frame.h */ = {isa = PBXFileReference; fileEncoding = 4; lastKnownFileType = sourcecode.c.h; path = "UIView+Frame.h"; sourceTree = "<group>"; };
		3F0D2A6C288D1FAE00E72797 /* CoreTextUtils.m */ = {isa = PBXFileReference; fileEncoding = 4; lastKnownFileType = sourcecode.c.objc; path = CoreTextUtils.m; sourceTree = "<group>"; };
		3F0D2A6D288D1FAE00E72797 /* CoreTextUtils.h */ = {isa = PBXFileReference; fileEncoding = 4; lastKnownFileType = sourcecode.c.h; path = CoreTextUtils.h; sourceTree = "<group>"; };
		3F0D2A6F288D1FAE00E72797 /* CTFrameParser.m */ = {isa = PBXFileReference; fileEncoding = 4; lastKnownFileType = sourcecode.c.objc; path = CTFrameParser.m; sourceTree = "<group>"; };
		3F0D2A70288D1FAE00E72797 /* CTFrameParser.h */ = {isa = PBXFileReference; fileEncoding = 4; lastKnownFileType = sourcecode.c.h; path = CTFrameParser.h; sourceTree = "<group>"; };
		3F0D2A72288D1FAE00E72797 /* CTFrameParserConfig.h */ = {isa = PBXFileReference; fileEncoding = 4; lastKnownFileType = sourcecode.c.h; path = CTFrameParserConfig.h; sourceTree = "<group>"; };
		3F0D2A73288D1FAE00E72797 /* CoreTextImageData.m */ = {isa = PBXFileReference; fileEncoding = 4; lastKnownFileType = sourcecode.c.objc; path = CoreTextImageData.m; sourceTree = "<group>"; };
		3F0D2A74288D1FAE00E72797 /* CoreTextData.h */ = {isa = PBXFileReference; fileEncoding = 4; lastKnownFileType = sourcecode.c.h; path = CoreTextData.h; sourceTree = "<group>"; };
		3F0D2A75288D1FAE00E72797 /* CoreTextLinkData.h */ = {isa = PBXFileReference; fileEncoding = 4; lastKnownFileType = sourcecode.c.h; path = CoreTextLinkData.h; sourceTree = "<group>"; };
		3F0D2A76288D1FAE00E72797 /* CoreTextImageData.h */ = {isa = PBXFileReference; fileEncoding = 4; lastKnownFileType = sourcecode.c.h; path = CoreTextImageData.h; sourceTree = "<group>"; };
		3F0D2A77288D1FAE00E72797 /* CTFrameParserConfig.m */ = {isa = PBXFileReference; fileEncoding = 4; lastKnownFileType = sourcecode.c.objc; path = CTFrameParserConfig.m; sourceTree = "<group>"; };
		3F0D2A78288D1FAE00E72797 /* CoreTextData.m */ = {isa = PBXFileReference; fileEncoding = 4; lastKnownFileType = sourcecode.c.objc; path = CoreTextData.m; sourceTree = "<group>"; };
		3F0D2A79288D1FAE00E72797 /* CoreTextLinkData.m */ = {isa = PBXFileReference; fileEncoding = 4; lastKnownFileType = sourcecode.c.objc; path = CoreTextLinkData.m; sourceTree = "<group>"; };
		3F0D2A7B288D1FAE00E72797 /* CTDisplayView.m */ = {isa = PBXFileReference; fileEncoding = 4; lastKnownFileType = sourcecode.c.objc; path = CTDisplayView.m; sourceTree = "<group>"; };
		3F0D2A7C288D1FAE00E72797 /* CTDisplayView.h */ = {isa = PBXFileReference; fileEncoding = 4; lastKnownFileType = sourcecode.c.h; path = CTDisplayView.h; sourceTree = "<group>"; };
		3F0D2A84288D1FCA00E72797 /* CoreText-Prefix.pch */ = {isa = PBXFileReference; fileEncoding = 4; lastKnownFileType = sourcecode.c.h; path = "CoreText-Prefix.pch"; sourceTree = "<group>"; };
		3F0D2A85288D208F00E72797 /* content.json */ = {isa = PBXFileReference; fileEncoding = 4; lastKnownFileType = text.json; path = content.json; sourceTree = "<group>"; };
		3F0D2A8B288D21CC00E72797 /* TextMask.app */ = {isa = PBXFileReference; explicitFileType = wrapper.application; includeInIndex = 0; path = TextMask.app; sourceTree = BUILT_PRODUCTS_DIR; };
		3F0D2A8D288D21CC00E72797 /* AppDelegate.h */ = {isa = PBXFileReference; lastKnownFileType = sourcecode.c.h; path = AppDelegate.h; sourceTree = "<group>"; };
		3F0D2A8E288D21CC00E72797 /* AppDelegate.m */ = {isa = PBXFileReference; lastKnownFileType = sourcecode.c.objc; path = AppDelegate.m; sourceTree = "<group>"; };
		3F0D2A90288D21CC00E72797 /* SceneDelegate.h */ = {isa = PBXFileReference; lastKnownFileType = sourcecode.c.h; path = SceneDelegate.h; sourceTree = "<group>"; };
		3F0D2A91288D21CC00E72797 /* SceneDelegate.m */ = {isa = PBXFileReference; lastKnownFileType = sourcecode.c.objc; path = SceneDelegate.m; sourceTree = "<group>"; };
		3F0D2A93288D21CC00E72797 /* ViewController.h */ = {isa = PBXFileReference; lastKnownFileType = sourcecode.c.h; path = ViewController.h; sourceTree = "<group>"; };
		3F0D2A94288D21CC00E72797 /* ViewController.m */ = {isa = PBXFileReference; lastKnownFileType = sourcecode.c.objc; path = ViewController.m; sourceTree = "<group>"; };
		3F0D2A97288D21CC00E72797 /* Base */ = {isa = PBXFileReference; lastKnownFileType = file.storyboard; name = Base; path = Base.lproj/Main.storyboard; sourceTree = "<group>"; };
		3F0D2A99288D21CC00E72797 /* Assets.xcassets */ = {isa = PBXFileReference; lastKnownFileType = folder.assetcatalog; path = Assets.xcassets; sourceTree = "<group>"; };
		3F0D2A9C288D21CC00E72797 /* Base */ = {isa = PBXFileReference; lastKnownFileType = file.storyboard; name = Base; path = Base.lproj/LaunchScreen.storyboard; sourceTree = "<group>"; };
		3F0D2A9E288D21CC00E72797 /* Info.plist */ = {isa = PBXFileReference; lastKnownFileType = text.plist.xml; path = Info.plist; sourceTree = "<group>"; };
		3F0D2A9F288D21CC00E72797 /* main.m */ = {isa = PBXFileReference; lastKnownFileType = sourcecode.c.objc; path = main.m; sourceTree = "<group>"; };
		3F0D2AA8288D22EC00E72797 /* ColumnarLayout.app */ = {isa = PBXFileReference; explicitFileType = wrapper.application; includeInIndex = 0; path = ColumnarLayout.app; sourceTree = BUILT_PRODUCTS_DIR; };
		3F0D2AAA288D22EC00E72797 /* AppDelegate.h */ = {isa = PBXFileReference; lastKnownFileType = sourcecode.c.h; path = AppDelegate.h; sourceTree = "<group>"; };
		3F0D2AAB288D22EC00E72797 /* AppDelegate.m */ = {isa = PBXFileReference; lastKnownFileType = sourcecode.c.objc; path = AppDelegate.m; sourceTree = "<group>"; };
		3F0D2AAD288D22EC00E72797 /* SceneDelegate.h */ = {isa = PBXFileReference; lastKnownFileType = sourcecode.c.h; path = SceneDelegate.h; sourceTree = "<group>"; };
		3F0D2AAE288D22EC00E72797 /* SceneDelegate.m */ = {isa = PBXFileReference; lastKnownFileType = sourcecode.c.objc; path = SceneDelegate.m; sourceTree = "<group>"; };
		3F0D2AB0288D22EC00E72797 /* ViewController.h */ = {isa = PBXFileReference; lastKnownFileType = sourcecode.c.h; path = ViewController.h; sourceTree = "<group>"; };
		3F0D2AB1288D22EC00E72797 /* ViewController.m */ = {isa = PBXFileReference; lastKnownFileType = sourcecode.c.objc; path = ViewController.m; sourceTree = "<group>"; };
		3F0D2AB4288D22EC00E72797 /* Base */ = {isa = PBXFileReference; lastKnownFileType = file.storyboard; name = Base; path = Base.lproj/Main.storyboard; sourceTree = "<group>"; };
		3F0D2AB6288D22ED00E72797 /* Assets.xcassets */ = {isa = PBXFileReference; lastKnownFileType = folder.assetcatalog; path = Assets.xcassets; sourceTree = "<group>"; };
		3F0D2AB9288D22ED00E72797 /* Base */ = {isa = PBXFileReference; lastKnownFileType = file.storyboard; name = Base; path = Base.lproj/LaunchScreen.storyboard; sourceTree = "<group>"; };
		3F0D2ABB288D22ED00E72797 /* Info.plist */ = {isa = PBXFileReference; lastKnownFileType = text.plist.xml; path = Info.plist; sourceTree = "<group>"; };
		3F0D2ABC288D22ED00E72797 /* main.m */ = {isa = PBXFileReference; lastKnownFileType = sourcecode.c.objc; path = main.m; sourceTree = "<group>"; };
		3F0D2AC2288D230700E72797 /* ColumnView.m */ = {isa = PBXFileReference; fileEncoding = 4; lastKnownFileType = sourcecode.c.objc; path = ColumnView.m; sourceTree = "<group>"; };
		3F0D2AC3288D230700E72797 /* ColumnViewV2.h */ = {isa = PBXFileReference; fileEncoding = 4; lastKnownFileType = sourcecode.c.h; path = ColumnViewV2.h; sourceTree = "<group>"; };
		3F0D2AC4288D230700E72797 /* ColumnViewV2.m */ = {isa = PBXFileReference; fileEncoding = 4; lastKnownFileType = sourcecode.c.objc; path = ColumnViewV2.m; sourceTree = "<group>"; };
		3F0D2AC5288D230700E72797 /* ColumnView.h */ = {isa = PBXFileReference; fileEncoding = 4; lastKnownFileType = sourcecode.c.h; path = ColumnView.h; sourceTree = "<group>"; };
		3F0D2ACC288D253500E72797 /* CustomTextInput.app */ = {isa = PBXFileReference; explicitFileType = wrapper.application; includeInIndex = 0; path = CustomTextInput.app; sourceTree = BUILT_PRODUCTS_DIR; };
		3F0D2ACE288D253500E72797 /* AppDelegate.h */ = {isa = PBXFileReference; lastKnownFileType = sourcecode.c.h; path = AppDelegate.h; sourceTree = "<group>"; };
		3F0D2ACF288D253500E72797 /* AppDelegate.m */ = {isa = PBXFileReference; lastKnownFileType = sourcecode.c.objc; path = AppDelegate.m; sourceTree = "<group>"; };
		3F0D2AD1288D253500E72797 /* SceneDelegate.h */ = {isa = PBXFileReference; lastKnownFileType = sourcecode.c.h; path = SceneDelegate.h; sourceTree = "<group>"; };
		3F0D2AD2288D253500E72797 /* SceneDelegate.m */ = {isa = PBXFileReference; lastKnownFileType = sourcecode.c.objc; path = SceneDelegate.m; sourceTree = "<group>"; };
		3F0D2AD4288D253500E72797 /* ViewController.h */ = {isa = PBXFileReference; lastKnownFileType = sourcecode.c.h; path = ViewController.h; sourceTree = "<group>"; };
		3F0D2AD5288D253500E72797 /* ViewController.m */ = {isa = PBXFileReference; lastKnownFileType = sourcecode.c.objc; path = ViewController.m; sourceTree = "<group>"; };
		3F0D2AD8288D253500E72797 /* Base */ = {isa = PBXFileReference; lastKnownFileType = file.storyboard; name = Base; path = Base.lproj/Main.storyboard; sourceTree = "<group>"; };
		3F0D2ADA288D253600E72797 /* Assets.xcassets */ = {isa = PBXFileReference; lastKnownFileType = folder.assetcatalog; path = Assets.xcassets; sourceTree = "<group>"; };
		3F0D2ADD288D253600E72797 /* Base */ = {isa = PBXFileReference; lastKnownFileType = file.storyboard; name = Base; path = Base.lproj/LaunchScreen.storyboard; sourceTree = "<group>"; };
		3F0D2ADF288D253600E72797 /* Info.plist */ = {isa = PBXFileReference; lastKnownFileType = text.plist.xml; path = Info.plist; sourceTree = "<group>"; };
		3F0D2AE0288D253600E72797 /* main.m */ = {isa = PBXFileReference; lastKnownFileType = sourcecode.c.objc; path = main.m; sourceTree = "<group>"; };
		3F0D2AE6288D254E00E72797 /* CoreTextView.m */ = {isa = PBXFileReference; fileEncoding = 4; lastKnownFileType = sourcecode.c.objc; path = CoreTextView.m; sourceTree = "<group>"; };
		3F0D2AE7288D254E00E72797 /* EditableCoreTextView.h */ = {isa = PBXFileReference; fileEncoding = 4; lastKnownFileType = sourcecode.c.h; path = EditableCoreTextView.h; sourceTree = "<group>"; };
		3F0D2AE8288D254E00E72797 /* EditableCoreTextView.m */ = {isa = PBXFileReference; fileEncoding = 4; lastKnownFileType = sourcecode.c.objc; path = EditableCoreTextView.m; sourceTree = "<group>"; };
		3F0D2AE9288D254E00E72797 /* CoreTextView.h */ = {isa = PBXFileReference; fileEncoding = 4; lastKnownFileType = sourcecode.c.h; path = CoreTextView.h; sourceTree = "<group>"; };
		3F0D2AEC288D255400E72797 /* CaretView.m */ = {isa = PBXFileReference; fileEncoding = 4; lastKnownFileType = sourcecode.c.objc; path = CaretView.m; sourceTree = "<group>"; };
		3F0D2AED288D255400E72797 /* CaretView.h */ = {isa = PBXFileReference; fileEncoding = 4; lastKnownFileType = sourcecode.c.h; path = CaretView.h; sourceTree = "<group>"; };
		3F0D2AF0288D255F00E72797 /* IndexedPosition.h */ = {isa = PBXFileReference; fileEncoding = 4; lastKnownFileType = sourcecode.c.h; path = IndexedPosition.h; sourceTree = "<group>"; };
		3F0D2AF1288D255F00E72797 /* IndexedRange.m */ = {isa = PBXFileReference; fileEncoding = 4; lastKnownFileType = sourcecode.c.objc; path = IndexedRange.m; sourceTree = "<group>"; };
		3F0D2AF2288D255F00E72797 /* IndexedPosition.m */ = {isa = PBXFileReference; fileEncoding = 4; lastKnownFileType = sourcecode.c.objc; path = IndexedPosition.m; sourceTree = "<group>"; };
		3F0D2AF3288D255F00E72797 /* IndexedRange.h */ = {isa = PBXFileReference; fileEncoding = 4; lastKnownFileType = sourcecode.c.h; path = IndexedRange.h; sourceTree = "<group>"; };
		3F0D2AFA288D26FB00E72797 /* MMTextView.app */ = {isa = PBXFileReference; explicitFileType = wrapper.application; includeInIndex = 0; path = MMTextView.app; sourceTree = BUILT_PRODUCTS_DIR; };
		3F0D2AFC288D26FB00E72797 /* AppDelegate.h */ = {isa = PBXFileReference; lastKnownFileType = sourcecode.c.h; path = AppDelegate.h; sourceTree = "<group>"; };
		3F0D2AFD288D26FB00E72797 /* AppDelegate.m */ = {isa = PBXFileReference; lastKnownFileType = sourcecode.c.objc; path = AppDelegate.m; sourceTree = "<group>"; };
		3F0D2B02288D26FB00E72797 /* ViewController.h */ = {isa = PBXFileReference; lastKnownFileType = sourcecode.c.h; path = ViewController.h; sourceTree = "<group>"; };
		3F0D2B03288D26FB00E72797 /* ViewController.m */ = {isa = PBXFileReference; lastKnownFileType = sourcecode.c.objc; path = ViewController.m; sourceTree = "<group>"; };
		3F0D2B08288D26FC00E72797 /* Assets.xcassets */ = {isa = PBXFileReference; lastKnownFileType = folder.assetcatalog; path = Assets.xcassets; sourceTree = "<group>"; };
		3F0D2B0B288D26FC00E72797 /* Base */ = {isa = PBXFileReference; lastKnownFileType = file.storyboard; name = Base; path = Base.lproj/LaunchScreen.storyboard; sourceTree = "<group>"; };
		3F0D2B0D288D26FC00E72797 /* Info.plist */ = {isa = PBXFileReference; lastKnownFileType = text.plist.xml; path = Info.plist; sourceTree = "<group>"; };
		3F0D2B0E288D26FC00E72797 /* main.m */ = {isa = PBXFileReference; lastKnownFileType = sourcecode.c.objc; path = main.m; sourceTree = "<group>"; };
		3F0D2B13288D2A7600E72797 /* MMTextView.h */ = {isa = PBXFileReference; lastKnownFileType = sourcecode.c.h; path = MMTextView.h; sourceTree = "<group>"; };
		3F0D2B14288D2A7600E72797 /* MMTextView.m */ = {isa = PBXFileReference; lastKnownFileType = sourcecode.c.objc; path = MMTextView.m; sourceTree = "<group>"; };
		3F0D2B16288D2AB900E72797 /* UIView+Frame.h */ = {isa = PBXFileReference; lastKnownFileType = sourcecode.c.h; path = "UIView+Frame.h"; sourceTree = "<group>"; };
		3F0D2B17288D2AB900E72797 /* UIView+Frame.m */ = {isa = PBXFileReference; lastKnownFileType = sourcecode.c.objc; path = "UIView+Frame.m"; sourceTree = "<group>"; };
		3F0D2B19288D2EA800E72797 /* MMTextAttachment.h */ = {isa = PBXFileReference; lastKnownFileType = sourcecode.c.h; path = MMTextAttachment.h; sourceTree = "<group>"; };
		3F0D2B1A288D2EA800E72797 /* MMTextAttachment.m */ = {isa = PBXFileReference; lastKnownFileType = sourcecode.c.objc; path = MMTextAttachment.m; sourceTree = "<group>"; };
		3F0D2B1C288D30BD00E72797 /* MMAttachmentView.h */ = {isa = PBXFileReference; lastKnownFileType = sourcecode.c.h; path = MMAttachmentView.h; sourceTree = "<group>"; };
		3F0D2B1D288D30BD00E72797 /* MMAttachmentView.m */ = {isa = PBXFileReference; lastKnownFileType = sourcecode.c.objc; path = MMAttachmentView.m; sourceTree = "<group>"; };
		3F0D2B1F288D33A300E72797 /* MMImageAttachmentView.h */ = {isa = PBXFileReference; lastKnownFileType = sourcecode.c.h; path = MMImageAttachmentView.h; sourceTree = "<group>"; };
		3F0D2B20288D33A300E72797 /* MMImageAttachmentView.m */ = {isa = PBXFileReference; lastKnownFileType = sourcecode.c.objc; path = MMImageAttachmentView.m; sourceTree = "<group>"; };
		3F0D2B22288D33B700E72797 /* MMFileAttachmentView.h */ = {isa = PBXFileReference; lastKnownFileType = sourcecode.c.h; path = MMFileAttachmentView.h; sourceTree = "<group>"; };
		3F0D2B23288D33B700E72797 /* MMFileAttachmentView.m */ = {isa = PBXFileReference; lastKnownFileType = sourcecode.c.objc; path = MMFileAttachmentView.m; sourceTree = "<group>"; };
		3F0D2B25288D344D00E72797 /* PrefixHeader.pch */ = {isa = PBXFileReference; lastKnownFileType = sourcecode.c.h; path = PrefixHeader.pch; sourceTree = "<group>"; };
		3F0D2B26288D462F00E72797 /* MMAttachmentData.h */ = {isa = PBXFileReference; lastKnownFileType = sourcecode.c.h; path = MMAttachmentData.h; sourceTree = "<group>"; };
		3F0D2B27288D462F00E72797 /* MMAttachmentData.m */ = {isa = PBXFileReference; lastKnownFileType = sourcecode.c.objc; path = MMAttachmentData.m; sourceTree = "<group>"; };
		3F0D2B29288D4AF700E72797 /* MMLayoutManager.h */ = {isa = PBXFileReference; lastKnownFileType = sourcecode.c.h; path = MMLayoutManager.h; sourceTree = "<group>"; };
		3F0D2B2A288D4AF700E72797 /* MMLayoutManager.m */ = {isa = PBXFileReference; lastKnownFileType = sourcecode.c.objc; path = MMLayoutManager.m; sourceTree = "<group>"; };
		3F19CB9F29A50E8800496FB4 /* MMTextDefine.h */ = {isa = PBXFileReference; lastKnownFileType = sourcecode.c.h; path = MMTextDefine.h; sourceTree = "<group>"; };
		3F19CBED29A51E8900496FB4 /* MMTextLayerAnimation.h */ = {isa = PBXFileReference; lastKnownFileType = sourcecode.c.h; path = MMTextLayerAnimation.h; sourceTree = "<group>"; };
		3F19CBEE29A51E8900496FB4 /* MMTextLayerAnimation.m */ = {isa = PBXFileReference; lastKnownFileType = sourcecode.c.objc; path = MMTextLayerAnimation.m; sourceTree = "<group>"; };
		3FC8A9A428917D8E00B3DD02 /* NSObject+YYModel.h */ = {isa = PBXFileReference; lastKnownFileType = sourcecode.c.h; path = "NSObject+YYModel.h"; sourceTree = "<group>"; };
		3FC8A9A528917D8E00B3DD02 /* NSObject+YYModel.m */ = {isa = PBXFileReference; lastKnownFileType = sourcecode.c.objc; path = "NSObject+YYModel.m"; sourceTree = "<group>"; };
		3FC8A9EE28917E4200B3DD02 /* YYClassInfo.h */ = {isa = PBXFileReference; lastKnownFileType = sourcecode.c.h; path = YYClassInfo.h; sourceTree = "<group>"; };
		3FC8A9EF28917E4200B3DD02 /* YYClassInfo.m */ = {isa = PBXFileReference; lastKnownFileType = sourcecode.c.objc; path = YYClassInfo.m; sourceTree = "<group>"; };
		3FC8AB5D2895184600B3DD02 /* TextKitLayout.app */ = {isa = PBXFileReference; explicitFileType = wrapper.application; includeInIndex = 0; path = TextKitLayout.app; sourceTree = BUILT_PRODUCTS_DIR; };
		3FC8AB5F2895184600B3DD02 /* AppDelegate.h */ = {isa = PBXFileReference; lastKnownFileType = sourcecode.c.h; path = AppDelegate.h; sourceTree = "<group>"; };
		3FC8AB602895184600B3DD02 /* AppDelegate.m */ = {isa = PBXFileReference; lastKnownFileType = sourcecode.c.objc; path = AppDelegate.m; sourceTree = "<group>"; };
		3FC8AB6B2895184600B3DD02 /* Assets.xcassets */ = {isa = PBXFileReference; lastKnownFileType = folder.assetcatalog; path = Assets.xcassets; sourceTree = "<group>"; };
		3FC8AB6E2895184700B3DD02 /* Base */ = {isa = PBXFileReference; lastKnownFileType = file.storyboard; name = Base; path = Base.lproj/LaunchScreen.storyboard; sourceTree = "<group>"; };
		3FC8AB702895184700B3DD02 /* Info.plist */ = {isa = PBXFileReference; lastKnownFileType = text.plist.xml; path = Info.plist; sourceTree = "<group>"; };
		3FC8AB712895184700B3DD02 /* main.m */ = {isa = PBXFileReference; lastKnownFileType = sourcecode.c.objc; path = main.m; sourceTree = "<group>"; };
		3FC8AB762895187900B3DD02 /* CircleTextViewController.h */ = {isa = PBXFileReference; lastKnownFileType = sourcecode.c.h; path = CircleTextViewController.h; sourceTree = "<group>"; };
		3FC8AB772895187900B3DD02 /* CircleTextViewController.m */ = {isa = PBXFileReference; lastKnownFileType = sourcecode.c.objc; path = CircleTextViewController.m; sourceTree = "<group>"; };
		3FC8AB792895189F00B3DD02 /* CircleTextContainer.h */ = {isa = PBXFileReference; lastKnownFileType = sourcecode.c.h; path = CircleTextContainer.h; sourceTree = "<group>"; };
		3FC8AB7A2895189F00B3DD02 /* CircleTextContainer.m */ = {isa = PBXFileReference; lastKnownFileType = sourcecode.c.objc; path = CircleTextContainer.m; sourceTree = "<group>"; };
		3FC8AB7C28951C7900B3DD02 /* Sample.rtf */ = {isa = PBXFileReference; fileEncoding = 4; lastKnownFileType = text.rtf; path = Sample.rtf; sourceTree = "<group>"; };
		3FC8AB7E2895320B00B3DD02 /* ExcludePathViewController.h */ = {isa = PBXFileReference; lastKnownFileType = sourcecode.c.h; path = ExcludePathViewController.h; sourceTree = "<group>"; };
		3FC8AB7F2895320B00B3DD02 /* ExcludePathViewController.m */ = {isa = PBXFileReference; lastKnownFileType = sourcecode.c.objc; path = ExcludePathViewController.m; sourceTree = "<group>"; };
		3FCB7A9F289ABB9E001AB61A /* ColorTextViewController.h */ = {isa = PBXFileReference; lastKnownFileType = sourcecode.c.h; path = ColorTextViewController.h; sourceTree = "<group>"; };
		3FCB7AA0289ABB9E001AB61A /* ColorTextViewController.m */ = {isa = PBXFileReference; lastKnownFileType = sourcecode.c.objc; path = ColorTextViewController.m; sourceTree = "<group>"; };
		3FCB7AA2289C15F0001AB61A /* ColoringTextStorage.h */ = {isa = PBXFileReference; lastKnownFileType = sourcecode.c.h; path = ColoringTextStorage.h; sourceTree = "<group>"; };
		3FCB7AA3289C15F0001AB61A /* ColoringTextStorage.m */ = {isa = PBXFileReference; lastKnownFileType = sourcecode.c.objc; path = ColoringTextStorage.m; sourceTree = "<group>"; };
		3FCDBBEB29A50CE4007FEC27 /* MMText.framework */ = {isa = PBXFileReference; explicitFileType = wrapper.framework; includeInIndex = 0; path = MMText.framework; sourceTree = BUILT_PRODUCTS_DIR; };
		3FCDBBED29A50CE5007FEC27 /* MMText.h */ = {isa = PBXFileReference; lastKnownFileType = sourcecode.c.h; path = MMText.h; sourceTree = "<group>"; };
		3FCDBBF229A50D5C007FEC27 /* MMTextAnimationLabel.h */ = {isa = PBXFileReference; lastKnownFileType = sourcecode.c.h; path = MMTextAnimationLabel.h; sourceTree = "<group>"; };
		3FCDBBF329A50D5C007FEC27 /* MMTextAnimationLabel.m */ = {isa = PBXFileReference; lastKnownFileType = sourcecode.c.objc; path = MMTextAnimationLabel.m; sourceTree = "<group>"; };
/* End PBXFileReference section */

/* Begin PBXFrameworksBuildPhase section */
		3F0AFEAD29A525FE00CF7957 /* Frameworks */ = {
			isa = PBXFrameworksBuildPhase;
			buildActionMask = 2147483647;
			files = (
				3F0AFECF29A5296B00CF7957 /* MMText.framework in Frameworks */,
			);
			runOnlyForDeploymentPostprocessing = 0;
		};
		3F0D2A4A288D1F7300E72797 /* Frameworks */ = {
			isa = PBXFrameworksBuildPhase;
			buildActionMask = 2147483647;
			files = (
			);
			runOnlyForDeploymentPostprocessing = 0;
		};
		3F0D2A88288D21CC00E72797 /* Frameworks */ = {
			isa = PBXFrameworksBuildPhase;
			buildActionMask = 2147483647;
			files = (
			);
			runOnlyForDeploymentPostprocessing = 0;
		};
		3F0D2AA5288D22EC00E72797 /* Frameworks */ = {
			isa = PBXFrameworksBuildPhase;
			buildActionMask = 2147483647;
			files = (
			);
			runOnlyForDeploymentPostprocessing = 0;
		};
		3F0D2AC9288D253500E72797 /* Frameworks */ = {
			isa = PBXFrameworksBuildPhase;
			buildActionMask = 2147483647;
			files = (
			);
			runOnlyForDeploymentPostprocessing = 0;
		};
		3F0D2AF7288D26FB00E72797 /* Frameworks */ = {
			isa = PBXFrameworksBuildPhase;
			buildActionMask = 2147483647;
			files = (
			);
			runOnlyForDeploymentPostprocessing = 0;
		};
		3FC8AB5A2895184600B3DD02 /* Frameworks */ = {
			isa = PBXFrameworksBuildPhase;
			buildActionMask = 2147483647;
			files = (
			);
			runOnlyForDeploymentPostprocessing = 0;
		};
		3FCDBBE829A50CE4007FEC27 /* Frameworks */ = {
			isa = PBXFrameworksBuildPhase;
			buildActionMask = 2147483647;
			files = (
			);
			runOnlyForDeploymentPostprocessing = 0;
		};
/* End PBXFrameworksBuildPhase section */

/* Begin PBXGroup section */
		3F0AFEB129A525FE00CF7957 /* Examples */ = {
			isa = PBXGroup;
			children = (
				3F0AFEB229A525FE00CF7957 /* AppDelegate.h */,
				3F0AFEB329A525FE00CF7957 /* AppDelegate.m */,
				3F0AFEB529A525FE00CF7957 /* SceneDelegate.h */,
				3F0AFEB629A525FE00CF7957 /* SceneDelegate.m */,
				3F0AFEB829A525FE00CF7957 /* ViewController.h */,
				3F0AFEB929A525FE00CF7957 /* ViewController.m */,
				3F0AFEBB29A525FE00CF7957 /* Main.storyboard */,
				3F0AFEBE29A525FF00CF7957 /* Assets.xcassets */,
				3F0AFEC029A525FF00CF7957 /* LaunchScreen.storyboard */,
				3F0AFEC329A525FF00CF7957 /* Info.plist */,
				3F0AFEC429A525FF00CF7957 /* main.m */,
			);
			path = Examples;
			sourceTree = "<group>";
		};
		3F0AFEC929A5278F00CF7957 /* Frameworks */ = {
			isa = PBXGroup;
			children = (
			);
			name = Frameworks;
			sourceTree = "<group>";
		};
		3F0D2A24288D1E6800E72797 = {
			isa = PBXGroup;
			children = (
				3F0D2A4E288D1F7300E72797 /* TQCoreText */,
				3F0D2A8C288D21CC00E72797 /* TextMask */,
				3F0D2AA9288D22EC00E72797 /* ColumnarLayout */,
				3F0D2ACD288D253500E72797 /* CustomTextInput */,
				3F0D2AFB288D26FB00E72797 /* MMTextView */,
				3FC8AB5E2895184600B3DD02 /* TextKitLayout */,
				3FCDBBEC29A50CE5007FEC27 /* MMText */,
				3F0AFEB129A525FE00CF7957 /* Examples */,
				3F0D2A2E288D1E6900E72797 /* Products */,
				3F0AFEC929A5278F00CF7957 /* Frameworks */,
			);
			sourceTree = "<group>";
		};
		3F0D2A2E288D1E6900E72797 /* Products */ = {
			isa = PBXGroup;
			children = (
				3F0D2A4D288D1F7300E72797 /* TQCoreText.app */,
				3F0D2A8B288D21CC00E72797 /* TextMask.app */,
				3F0D2AA8288D22EC00E72797 /* ColumnarLayout.app */,
				3F0D2ACC288D253500E72797 /* CustomTextInput.app */,
				3F0D2AFA288D26FB00E72797 /* MMTextView.app */,
				3FC8AB5D2895184600B3DD02 /* TextKitLayout.app */,
				3FCDBBEB29A50CE4007FEC27 /* MMText.framework */,
				3F0AFEB029A525FE00CF7957 /* Examples.app */,
			);
			name = Products;
			sourceTree = "<group>";
		};
		3F0D2A4E288D1F7300E72797 /* TQCoreText */ = {
			isa = PBXGroup;
			children = (
				3F0D2A84288D1FCA00E72797 /* CoreText-Prefix.pch */,
				3F0D2A6A288D1FAE00E72797 /* CoreText */,
				3F0D2A66288D1F9F00E72797 /* Util */,
				3F0D2A4F288D1F7300E72797 /* AppDelegate.h */,
				3F0D2A50288D1F7300E72797 /* AppDelegate.m */,
				3F0D2A52288D1F7300E72797 /* SceneDelegate.h */,
				3F0D2A53288D1F7300E72797 /* SceneDelegate.m */,
				3F0D2A55288D1F7300E72797 /* ViewController.h */,
				3F0D2A56288D1F7300E72797 /* ViewController.m */,
				3F0D2A58288D1F7300E72797 /* Main.storyboard */,
				3F0D2A5B288D1F7400E72797 /* Assets.xcassets */,
				3F0D2A5D288D1F7400E72797 /* LaunchScreen.storyboard */,
				3F0D2A60288D1F7400E72797 /* Info.plist */,
				3F0D2A61288D1F7400E72797 /* main.m */,
				3F0D2A85288D208F00E72797 /* content.json */,
			);
			path = TQCoreText;
			sourceTree = "<group>";
		};
		3F0D2A66288D1F9F00E72797 /* Util */ = {
			isa = PBXGroup;
			children = (
				3F0D2A67288D1F9F00E72797 /* UIView+Frame.m */,
				3F0D2A68288D1F9F00E72797 /* UIView+Frame.h */,
			);
			path = Util;
			sourceTree = "<group>";
		};
		3F0D2A6A288D1FAE00E72797 /* CoreText */ = {
			isa = PBXGroup;
			children = (
				3F0D2A6B288D1FAE00E72797 /* Util */,
				3F0D2A6E288D1FAE00E72797 /* Controller */,
				3F0D2A71288D1FAE00E72797 /* Model */,
				3F0D2A7A288D1FAE00E72797 /* View */,
			);
			path = CoreText;
			sourceTree = "<group>";
		};
		3F0D2A6B288D1FAE00E72797 /* Util */ = {
			isa = PBXGroup;
			children = (
				3F0D2A6C288D1FAE00E72797 /* CoreTextUtils.m */,
				3F0D2A6D288D1FAE00E72797 /* CoreTextUtils.h */,
			);
			path = Util;
			sourceTree = "<group>";
		};
		3F0D2A6E288D1FAE00E72797 /* Controller */ = {
			isa = PBXGroup;
			children = (
				3F0D2A6F288D1FAE00E72797 /* CTFrameParser.m */,
				3F0D2A70288D1FAE00E72797 /* CTFrameParser.h */,
			);
			path = Controller;
			sourceTree = "<group>";
		};
		3F0D2A71288D1FAE00E72797 /* Model */ = {
			isa = PBXGroup;
			children = (
				3F0D2A72288D1FAE00E72797 /* CTFrameParserConfig.h */,
				3F0D2A73288D1FAE00E72797 /* CoreTextImageData.m */,
				3F0D2A74288D1FAE00E72797 /* CoreTextData.h */,
				3F0D2A75288D1FAE00E72797 /* CoreTextLinkData.h */,
				3F0D2A76288D1FAE00E72797 /* CoreTextImageData.h */,
				3F0D2A77288D1FAE00E72797 /* CTFrameParserConfig.m */,
				3F0D2A78288D1FAE00E72797 /* CoreTextData.m */,
				3F0D2A79288D1FAE00E72797 /* CoreTextLinkData.m */,
			);
			path = Model;
			sourceTree = "<group>";
		};
		3F0D2A7A288D1FAE00E72797 /* View */ = {
			isa = PBXGroup;
			children = (
				3F0D2A7B288D1FAE00E72797 /* CTDisplayView.m */,
				3F0D2A7C288D1FAE00E72797 /* CTDisplayView.h */,
			);
			path = View;
			sourceTree = "<group>";
		};
		3F0D2A8C288D21CC00E72797 /* TextMask */ = {
			isa = PBXGroup;
			children = (
				3F0D2A8D288D21CC00E72797 /* AppDelegate.h */,
				3F0D2A8E288D21CC00E72797 /* AppDelegate.m */,
				3F0D2A90288D21CC00E72797 /* SceneDelegate.h */,
				3F0D2A91288D21CC00E72797 /* SceneDelegate.m */,
				3F0D2A93288D21CC00E72797 /* ViewController.h */,
				3F0D2A94288D21CC00E72797 /* ViewController.m */,
				3F0D2A96288D21CC00E72797 /* Main.storyboard */,
				3F0D2A99288D21CC00E72797 /* Assets.xcassets */,
				3F0D2A9B288D21CC00E72797 /* LaunchScreen.storyboard */,
				3F0D2A9E288D21CC00E72797 /* Info.plist */,
				3F0D2A9F288D21CC00E72797 /* main.m */,
			);
			path = TextMask;
			sourceTree = "<group>";
		};
		3F0D2AA9288D22EC00E72797 /* ColumnarLayout */ = {
			isa = PBXGroup;
			children = (
				3F0D2AC1288D22FC00E72797 /* View */,
				3F0D2AAA288D22EC00E72797 /* AppDelegate.h */,
				3F0D2AAB288D22EC00E72797 /* AppDelegate.m */,
				3F0D2AAD288D22EC00E72797 /* SceneDelegate.h */,
				3F0D2AAE288D22EC00E72797 /* SceneDelegate.m */,
				3F0D2AB0288D22EC00E72797 /* ViewController.h */,
				3F0D2AB1288D22EC00E72797 /* ViewController.m */,
				3F0D2AB3288D22EC00E72797 /* Main.storyboard */,
				3F0D2AB6288D22ED00E72797 /* Assets.xcassets */,
				3F0D2AB8288D22ED00E72797 /* LaunchScreen.storyboard */,
				3F0D2ABB288D22ED00E72797 /* Info.plist */,
				3F0D2ABC288D22ED00E72797 /* main.m */,
			);
			path = ColumnarLayout;
			sourceTree = "<group>";
		};
		3F0D2AC1288D22FC00E72797 /* View */ = {
			isa = PBXGroup;
			children = (
				3F0D2AC5288D230700E72797 /* ColumnView.h */,
				3F0D2AC2288D230700E72797 /* ColumnView.m */,
				3F0D2AC3288D230700E72797 /* ColumnViewV2.h */,
				3F0D2AC4288D230700E72797 /* ColumnViewV2.m */,
			);
			path = View;
			sourceTree = "<group>";
		};
		3F0D2ACD288D253500E72797 /* CustomTextInput */ = {
			isa = PBXGroup;
			children = (
				3F0D2AEF288D255600E72797 /* Model */,
				3F0D2AE5288D254200E72797 /* View */,
				3F0D2ACE288D253500E72797 /* AppDelegate.h */,
				3F0D2ACF288D253500E72797 /* AppDelegate.m */,
				3F0D2AD1288D253500E72797 /* SceneDelegate.h */,
				3F0D2AD2288D253500E72797 /* SceneDelegate.m */,
				3F0D2AD4288D253500E72797 /* ViewController.h */,
				3F0D2AD5288D253500E72797 /* ViewController.m */,
				3F0D2AD7288D253500E72797 /* Main.storyboard */,
				3F0D2ADA288D253600E72797 /* Assets.xcassets */,
				3F0D2ADC288D253600E72797 /* LaunchScreen.storyboard */,
				3F0D2ADF288D253600E72797 /* Info.plist */,
				3F0D2AE0288D253600E72797 /* main.m */,
			);
			path = CustomTextInput;
			sourceTree = "<group>";
		};
		3F0D2AE5288D254200E72797 /* View */ = {
			isa = PBXGroup;
			children = (
				3F0D2AE9288D254E00E72797 /* CoreTextView.h */,
				3F0D2AE6288D254E00E72797 /* CoreTextView.m */,
				3F0D2AE7288D254E00E72797 /* EditableCoreTextView.h */,
				3F0D2AE8288D254E00E72797 /* EditableCoreTextView.m */,
				3F0D2AED288D255400E72797 /* CaretView.h */,
				3F0D2AEC288D255400E72797 /* CaretView.m */,
			);
			path = View;
			sourceTree = "<group>";
		};
		3F0D2AEF288D255600E72797 /* Model */ = {
			isa = PBXGroup;
			children = (
				3F0D2AF0288D255F00E72797 /* IndexedPosition.h */,
				3F0D2AF2288D255F00E72797 /* IndexedPosition.m */,
				3F0D2AF3288D255F00E72797 /* IndexedRange.h */,
				3F0D2AF1288D255F00E72797 /* IndexedRange.m */,
			);
			path = Model;
			sourceTree = "<group>";
		};
		3F0D2AFB288D26FB00E72797 /* MMTextView */ = {
			isa = PBXGroup;
			children = (
				3FC8A9A328917D4500B3DD02 /* Util */,
				3F0D2B76288D7BF800E72797 /* View */,
				3F0D2B74288D7BE500E72797 /* Controller */,
				3F0D2B73288D7BD200E72797 /* Model */,
				3F0D2AFC288D26FB00E72797 /* AppDelegate.h */,
				3F0D2AFD288D26FB00E72797 /* AppDelegate.m */,
				3F0D2B02288D26FB00E72797 /* ViewController.h */,
				3F0D2B03288D26FB00E72797 /* ViewController.m */,
				3F0D2B08288D26FC00E72797 /* Assets.xcassets */,
				3F0D2B0A288D26FC00E72797 /* LaunchScreen.storyboard */,
				3F0D2B0D288D26FC00E72797 /* Info.plist */,
				3F0D2B0E288D26FC00E72797 /* main.m */,
				3F0D2B25288D344D00E72797 /* PrefixHeader.pch */,
			);
			path = MMTextView;
			sourceTree = "<group>";
		};
		3F0D2B73288D7BD200E72797 /* Model */ = {
			isa = PBXGroup;
			children = (
				3F0D2B26288D462F00E72797 /* MMAttachmentData.h */,
				3F0D2B27288D462F00E72797 /* MMAttachmentData.m */,
				3F0D2B19288D2EA800E72797 /* MMTextAttachment.h */,
				3F0D2B1A288D2EA800E72797 /* MMTextAttachment.m */,
			);
			path = Model;
			sourceTree = "<group>";
		};
		3F0D2B74288D7BE500E72797 /* Controller */ = {
			isa = PBXGroup;
			children = (
				3F0D2B29288D4AF700E72797 /* MMLayoutManager.h */,
				3F0D2B2A288D4AF700E72797 /* MMLayoutManager.m */,
			);
			path = Controller;
			sourceTree = "<group>";
		};
		3F0D2B76288D7BF800E72797 /* View */ = {
			isa = PBXGroup;
			children = (
				3F0D2B13288D2A7600E72797 /* MMTextView.h */,
				3F0D2B14288D2A7600E72797 /* MMTextView.m */,
				3F0D2B1C288D30BD00E72797 /* MMAttachmentView.h */,
				3F0D2B1D288D30BD00E72797 /* MMAttachmentView.m */,
				3F0D2B1F288D33A300E72797 /* MMImageAttachmentView.h */,
				3F0D2B20288D33A300E72797 /* MMImageAttachmentView.m */,
				3F0D2B22288D33B700E72797 /* MMFileAttachmentView.h */,
				3F0D2B23288D33B700E72797 /* MMFileAttachmentView.m */,
			);
			path = View;
			sourceTree = "<group>";
		};
		3FC8A9A328917D4500B3DD02 /* Util */ = {
			isa = PBXGroup;
			children = (
				3F0D2B16288D2AB900E72797 /* UIView+Frame.h */,
				3F0D2B17288D2AB900E72797 /* UIView+Frame.m */,
				3FC8A9A428917D8E00B3DD02 /* NSObject+YYModel.h */,
				3FC8A9A528917D8E00B3DD02 /* NSObject+YYModel.m */,
				3FC8A9EE28917E4200B3DD02 /* YYClassInfo.h */,
				3FC8A9EF28917E4200B3DD02 /* YYClassInfo.m */,
			);
			path = Util;
			sourceTree = "<group>";
		};
		3FC8AB5E2895184600B3DD02 /* TextKitLayout */ = {
			isa = PBXGroup;
			children = (
				3FC8AB5F2895184600B3DD02 /* AppDelegate.h */,
				3FC8AB602895184600B3DD02 /* AppDelegate.m */,
				3FC8AB6B2895184600B3DD02 /* Assets.xcassets */,
				3FC8AB6D2895184700B3DD02 /* LaunchScreen.storyboard */,
				3FC8AB702895184700B3DD02 /* Info.plist */,
				3FC8AB712895184700B3DD02 /* main.m */,
				3FC8AB762895187900B3DD02 /* CircleTextViewController.h */,
				3FC8AB772895187900B3DD02 /* CircleTextViewController.m */,
				3FC8AB792895189F00B3DD02 /* CircleTextContainer.h */,
				3FC8AB7A2895189F00B3DD02 /* CircleTextContainer.m */,
				3FC8AB7C28951C7900B3DD02 /* Sample.rtf */,
				3FC8AB7E2895320B00B3DD02 /* ExcludePathViewController.h */,
				3FC8AB7F2895320B00B3DD02 /* ExcludePathViewController.m */,
				3FCB7A9F289ABB9E001AB61A /* ColorTextViewController.h */,
				3FCB7AA0289ABB9E001AB61A /* ColorTextViewController.m */,
				3FCB7AA2289C15F0001AB61A /* ColoringTextStorage.h */,
				3FCB7AA3289C15F0001AB61A /* ColoringTextStorage.m */,
			);
			path = TextKitLayout;
			sourceTree = "<group>";
		};
		3FCDBBEC29A50CE5007FEC27 /* MMText */ = {
			isa = PBXGroup;
			children = (
				3FCDBBED29A50CE5007FEC27 /* MMText.h */,
				3F19CB9F29A50E8800496FB4 /* MMTextDefine.h */,
				3FCDBBF229A50D5C007FEC27 /* MMTextAnimationLabel.h */,
				3FCDBBF329A50D5C007FEC27 /* MMTextAnimationLabel.m */,
				3F19CBED29A51E8900496FB4 /* MMTextLayerAnimation.h */,
				3F19CBEE29A51E8900496FB4 /* MMTextLayerAnimation.m */,
			);
			path = MMText;
			sourceTree = "<group>";
		};
/* End PBXGroup section */

/* Begin PBXHeadersBuildPhase section */
		3FCDBBE629A50CE4007FEC27 /* Headers */ = {
			isa = PBXHeadersBuildPhase;
			buildActionMask = 2147483647;
			files = (
				3FCDBBEE29A50CE5007FEC27 /* MMText.h in Headers */,
				3FCDBBF429A50D5C007FEC27 /* MMTextAnimationLabel.h in Headers */,
				3F19CBEF29A51E8900496FB4 /* MMTextLayerAnimation.h in Headers */,
			);
			runOnlyForDeploymentPostprocessing = 0;
		};
/* End PBXHeadersBuildPhase section */

/* Begin PBXNativeTarget section */
		3F0AFEAF29A525FE00CF7957 /* Examples */ = {
			isa = PBXNativeTarget;
			buildConfigurationList = 3F0AFEC829A525FF00CF7957 /* Build configuration list for PBXNativeTarget "Examples" */;
			buildPhases = (
				3F0AFEAC29A525FE00CF7957 /* Sources */,
				3F0AFEAD29A525FE00CF7957 /* Frameworks */,
				3F0AFEAE29A525FE00CF7957 /* Resources */,
				3F0AFED129A5296B00CF7957 /* Embed Frameworks */,
			);
			buildRules = (
			);
			dependencies = (
				3F0AFECD29A5278F00CF7957 /* PBXTargetDependency */,
			);
			name = Examples;
			productName = Examples;
			productReference = 3F0AFEB029A525FE00CF7957 /* Examples.app */;
			productType = "com.apple.product-type.application";
		};
		3F0D2A4C288D1F7300E72797 /* TQCoreText */ = {
			isa = PBXNativeTarget;
			buildConfigurationList = 3F0D2A63288D1F7400E72797 /* Build configuration list for PBXNativeTarget "TQCoreText" */;
			buildPhases = (
				3F0D2A49288D1F7300E72797 /* Sources */,
				3F0D2A4A288D1F7300E72797 /* Frameworks */,
				3F0D2A4B288D1F7300E72797 /* Resources */,
			);
			buildRules = (
			);
			dependencies = (
			);
			name = TQCoreText;
			productName = TQCoreText;
			productReference = 3F0D2A4D288D1F7300E72797 /* TQCoreText.app */;
			productType = "com.apple.product-type.application";
		};
		3F0D2A8A288D21CC00E72797 /* TextMask */ = {
			isa = PBXNativeTarget;
			buildConfigurationList = 3F0D2AA3288D21CC00E72797 /* Build configuration list for PBXNativeTarget "TextMask" */;
			buildPhases = (
				3F0D2A87288D21CC00E72797 /* Sources */,
				3F0D2A88288D21CC00E72797 /* Frameworks */,
				3F0D2A89288D21CC00E72797 /* Resources */,
			);
			buildRules = (
			);
			dependencies = (
			);
			name = TextMask;
			productName = TextMask;
			productReference = 3F0D2A8B288D21CC00E72797 /* TextMask.app */;
			productType = "com.apple.product-type.application";
		};
		3F0D2AA7288D22EC00E72797 /* ColumnarLayout */ = {
			isa = PBXNativeTarget;
			buildConfigurationList = 3F0D2AC0288D22ED00E72797 /* Build configuration list for PBXNativeTarget "ColumnarLayout" */;
			buildPhases = (
				3F0D2AA4288D22EC00E72797 /* Sources */,
				3F0D2AA5288D22EC00E72797 /* Frameworks */,
				3F0D2AA6288D22EC00E72797 /* Resources */,
			);
			buildRules = (
			);
			dependencies = (
			);
			name = ColumnarLayout;
			productName = ColumnarLayout;
			productReference = 3F0D2AA8288D22EC00E72797 /* ColumnarLayout.app */;
			productType = "com.apple.product-type.application";
		};
		3F0D2ACB288D253500E72797 /* CustomTextInput */ = {
			isa = PBXNativeTarget;
			buildConfigurationList = 3F0D2AE2288D253600E72797 /* Build configuration list for PBXNativeTarget "CustomTextInput" */;
			buildPhases = (
				3F0D2AC8288D253500E72797 /* Sources */,
				3F0D2AC9288D253500E72797 /* Frameworks */,
				3F0D2ACA288D253500E72797 /* Resources */,
			);
			buildRules = (
			);
			dependencies = (
			);
			name = CustomTextInput;
			productName = CustomTextInput;
			productReference = 3F0D2ACC288D253500E72797 /* CustomTextInput.app */;
			productType = "com.apple.product-type.application";
		};
		3F0D2AF9288D26FB00E72797 /* MMTextView */ = {
			isa = PBXNativeTarget;
			buildConfigurationList = 3F0D2B12288D26FC00E72797 /* Build configuration list for PBXNativeTarget "MMTextView" */;
			buildPhases = (
				3F0D2AF6288D26FB00E72797 /* Sources */,
				3F0D2AF7288D26FB00E72797 /* Frameworks */,
				3F0D2AF8288D26FB00E72797 /* Resources */,
			);
			buildRules = (
			);
			dependencies = (
			);
			name = MMTextView;
			productName = MMTextView;
			productReference = 3F0D2AFA288D26FB00E72797 /* MMTextView.app */;
			productType = "com.apple.product-type.application";
		};
		3FC8AB5C2895184600B3DD02 /* TextKitLayout */ = {
			isa = PBXNativeTarget;
			buildConfigurationList = 3FC8AB752895184700B3DD02 /* Build configuration list for PBXNativeTarget "TextKitLayout" */;
			buildPhases = (
				3FC8AB592895184600B3DD02 /* Sources */,
				3FC8AB5A2895184600B3DD02 /* Frameworks */,
				3FC8AB5B2895184600B3DD02 /* Resources */,
			);
			buildRules = (
			);
			dependencies = (
			);
			name = TextKitLayout;
			productName = TextKitLayout;
			productReference = 3FC8AB5D2895184600B3DD02 /* TextKitLayout.app */;
			productType = "com.apple.product-type.application";
		};
		3FCDBBEA29A50CE4007FEC27 /* MMText */ = {
			isa = PBXNativeTarget;
			buildConfigurationList = 3FCDBBEF29A50CE5007FEC27 /* Build configuration list for PBXNativeTarget "MMText" */;
			buildPhases = (
				3FCDBBE629A50CE4007FEC27 /* Headers */,
				3FCDBBE729A50CE4007FEC27 /* Sources */,
				3FCDBBE829A50CE4007FEC27 /* Frameworks */,
				3FCDBBE929A50CE4007FEC27 /* Resources */,
			);
			buildRules = (
			);
			dependencies = (
			);
			name = MMText;
			productName = MMText;
			productReference = 3FCDBBEB29A50CE4007FEC27 /* MMText.framework */;
			productType = "com.apple.product-type.framework";
		};
/* End PBXNativeTarget section */

/* Begin PBXProject section */
		3F0D2A25288D1E6800E72797 /* Project object */ = {
			isa = PBXProject;
			attributes = {
				BuildIndependentTargetsInParallel = 1;
				LastUpgradeCheck = 1330;
				TargetAttributes = {
					3F0AFEAF29A525FE00CF7957 = {
						CreatedOnToolsVersion = 14.2;
					};
					3F0D2A4C288D1F7300E72797 = {
						CreatedOnToolsVersion = 13.3.1;
					};
					3F0D2A8A288D21CC00E72797 = {
						CreatedOnToolsVersion = 13.3.1;
					};
					3F0D2AA7288D22EC00E72797 = {
						CreatedOnToolsVersion = 13.3.1;
					};
					3F0D2ACB288D253500E72797 = {
						CreatedOnToolsVersion = 13.3.1;
					};
					3F0D2AF9288D26FB00E72797 = {
						CreatedOnToolsVersion = 13.3.1;
					};
					3FC8AB5C2895184600B3DD02 = {
						CreatedOnToolsVersion = 13.3.1;
					};
					3FCDBBEA29A50CE4007FEC27 = {
						CreatedOnToolsVersion = 14.2;
					};
				};
			};
			buildConfigurationList = 3F0D2A28288D1E6800E72797 /* Build configuration list for PBXProject "MMText" */;
			compatibilityVersion = "Xcode 13.0";
			developmentRegion = en;
			hasScannedForEncodings = 0;
			knownRegions = (
				en,
				Base,
			);
			mainGroup = 3F0D2A24288D1E6800E72797;
			productRefGroup = 3F0D2A2E288D1E6900E72797 /* Products */;
			projectDirPath = "";
			projectRoot = "";
			targets = (
				3F0D2A4C288D1F7300E72797 /* TQCoreText */,
				3F0D2A8A288D21CC00E72797 /* TextMask */,
				3F0D2AA7288D22EC00E72797 /* ColumnarLayout */,
				3F0D2ACB288D253500E72797 /* CustomTextInput */,
				3F0D2AF9288D26FB00E72797 /* MMTextView */,
				3FC8AB5C2895184600B3DD02 /* TextKitLayout */,
				3FCDBBEA29A50CE4007FEC27 /* MMText */,
				3F0AFEAF29A525FE00CF7957 /* Examples */,
			);
		};
/* End PBXProject section */

/* Begin PBXResourcesBuildPhase section */
		3F0AFEAE29A525FE00CF7957 /* Resources */ = {
			isa = PBXResourcesBuildPhase;
			buildActionMask = 2147483647;
			files = (
				3F0AFEC229A525FF00CF7957 /* LaunchScreen.storyboard in Resources */,
				3F0AFEBF29A525FF00CF7957 /* Assets.xcassets in Resources */,
				3F0AFEBD29A525FE00CF7957 /* Main.storyboard in Resources */,
			);
			runOnlyForDeploymentPostprocessing = 0;
		};
		3F0D2A4B288D1F7300E72797 /* Resources */ = {
			isa = PBXResourcesBuildPhase;
			buildActionMask = 2147483647;
			files = (
				3F0D2A5F288D1F7400E72797 /* LaunchScreen.storyboard in Resources */,
				3F0D2A5C288D1F7400E72797 /* Assets.xcassets in Resources */,
				3F0D2A5A288D1F7300E72797 /* Main.storyboard in Resources */,
				3F0D2A86288D208F00E72797 /* content.json in Resources */,
			);
			runOnlyForDeploymentPostprocessing = 0;
		};
		3F0D2A89288D21CC00E72797 /* Resources */ = {
			isa = PBXResourcesBuildPhase;
			buildActionMask = 2147483647;
			files = (
				3F0D2A9D288D21CC00E72797 /* LaunchScreen.storyboard in Resources */,
				3F0D2A9A288D21CC00E72797 /* Assets.xcassets in Resources */,
				3F0D2A98288D21CC00E72797 /* Main.storyboard in Resources */,
			);
			runOnlyForDeploymentPostprocessing = 0;
		};
		3F0D2AA6288D22EC00E72797 /* Resources */ = {
			isa = PBXResourcesBuildPhase;
			buildActionMask = 2147483647;
			files = (
				3F0D2ABA288D22ED00E72797 /* LaunchScreen.storyboard in Resources */,
				3F0D2AB7288D22ED00E72797 /* Assets.xcassets in Resources */,
				3F0D2AB5288D22EC00E72797 /* Main.storyboard in Resources */,
			);
			runOnlyForDeploymentPostprocessing = 0;
		};
		3F0D2ACA288D253500E72797 /* Resources */ = {
			isa = PBXResourcesBuildPhase;
			buildActionMask = 2147483647;
			files = (
				3F0D2ADE288D253600E72797 /* LaunchScreen.storyboard in Resources */,
				3F0D2ADB288D253600E72797 /* Assets.xcassets in Resources */,
				3F0D2AD9288D253500E72797 /* Main.storyboard in Resources */,
			);
			runOnlyForDeploymentPostprocessing = 0;
		};
		3F0D2AF8288D26FB00E72797 /* Resources */ = {
			isa = PBXResourcesBuildPhase;
			buildActionMask = 2147483647;
			files = (
				3F0D2B0C288D26FC00E72797 /* LaunchScreen.storyboard in Resources */,
				3F0D2B09288D26FC00E72797 /* Assets.xcassets in Resources */,
			);
			runOnlyForDeploymentPostprocessing = 0;
		};
		3FC8AB5B2895184600B3DD02 /* Resources */ = {
			isa = PBXResourcesBuildPhase;
			buildActionMask = 2147483647;
			files = (
				3FC8AB6F2895184700B3DD02 /* LaunchScreen.storyboard in Resources */,
				3FC8AB6C2895184700B3DD02 /* Assets.xcassets in Resources */,
				3FC8AB7D28951C7900B3DD02 /* Sample.rtf in Resources */,
			);
			runOnlyForDeploymentPostprocessing = 0;
		};
		3FCDBBE929A50CE4007FEC27 /* Resources */ = {
			isa = PBXResourcesBuildPhase;
			buildActionMask = 2147483647;
			files = (
			);
			runOnlyForDeploymentPostprocessing = 0;
		};
/* End PBXResourcesBuildPhase section */

/* Begin PBXSourcesBuildPhase section */
		3F0AFEAC29A525FE00CF7957 /* Sources */ = {
			isa = PBXSourcesBuildPhase;
			buildActionMask = 2147483647;
			files = (
				3F0AFEBA29A525FE00CF7957 /* ViewController.m in Sources */,
				3F0AFEB429A525FE00CF7957 /* AppDelegate.m in Sources */,
				3F0AFEC529A525FF00CF7957 /* main.m in Sources */,
				3F0AFEB729A525FE00CF7957 /* SceneDelegate.m in Sources */,
			);
			runOnlyForDeploymentPostprocessing = 0;
		};
		3F0D2A49288D1F7300E72797 /* Sources */ = {
			isa = PBXSourcesBuildPhase;
			buildActionMask = 2147483647;
			files = (
				3F0D2A57288D1F7300E72797 /* ViewController.m in Sources */,
				3F0D2A82288D1FAE00E72797 /* CoreTextLinkData.m in Sources */,
				3F0D2A7F288D1FAE00E72797 /* CoreTextImageData.m in Sources */,
				3F0D2A80288D1FAE00E72797 /* CTFrameParserConfig.m in Sources */,
				3F0D2A7D288D1FAE00E72797 /* CoreTextUtils.m in Sources */,
				3F0D2A51288D1F7300E72797 /* AppDelegate.m in Sources */,
				3F0D2A81288D1FAE00E72797 /* CoreTextData.m in Sources */,
				3F0D2A62288D1F7400E72797 /* main.m in Sources */,
				3F0D2A69288D1F9F00E72797 /* UIView+Frame.m in Sources */,
				3F0D2A7E288D1FAE00E72797 /* CTFrameParser.m in Sources */,
				3F0D2A83288D1FAE00E72797 /* CTDisplayView.m in Sources */,
				3F0D2A54288D1F7300E72797 /* SceneDelegate.m in Sources */,
			);
			runOnlyForDeploymentPostprocessing = 0;
		};
		3F0D2A87288D21CC00E72797 /* Sources */ = {
			isa = PBXSourcesBuildPhase;
			buildActionMask = 2147483647;
			files = (
				3F0D2A95288D21CC00E72797 /* ViewController.m in Sources */,
				3F0D2A8F288D21CC00E72797 /* AppDelegate.m in Sources */,
				3F0D2AA0288D21CC00E72797 /* main.m in Sources */,
				3F0D2A92288D21CC00E72797 /* SceneDelegate.m in Sources */,
			);
			runOnlyForDeploymentPostprocessing = 0;
		};
		3F0D2AA4288D22EC00E72797 /* Sources */ = {
			isa = PBXSourcesBuildPhase;
			buildActionMask = 2147483647;
			files = (
				3F0D2AC7288D230700E72797 /* ColumnViewV2.m in Sources */,
				3F0D2AB2288D22EC00E72797 /* ViewController.m in Sources */,
				3F0D2AAC288D22EC00E72797 /* AppDelegate.m in Sources */,
				3F0D2AC6288D230700E72797 /* ColumnView.m in Sources */,
				3F0D2ABD288D22ED00E72797 /* main.m in Sources */,
				3F0D2AAF288D22EC00E72797 /* SceneDelegate.m in Sources */,
			);
			runOnlyForDeploymentPostprocessing = 0;
		};
		3F0D2AC8288D253500E72797 /* Sources */ = {
			isa = PBXSourcesBuildPhase;
			buildActionMask = 2147483647;
			files = (
				3F0D2AEA288D254E00E72797 /* CoreTextView.m in Sources */,
				3F0D2AD6288D253500E72797 /* ViewController.m in Sources */,
				3F0D2AF5288D255F00E72797 /* IndexedPosition.m in Sources */,
				3F0D2AD0288D253500E72797 /* AppDelegate.m in Sources */,
				3F0D2AE1288D253600E72797 /* main.m in Sources */,
				3F0D2AEE288D255400E72797 /* CaretView.m in Sources */,
				3F0D2AEB288D254E00E72797 /* EditableCoreTextView.m in Sources */,
				3F0D2AD3288D253500E72797 /* SceneDelegate.m in Sources */,
				3F0D2AF4288D255F00E72797 /* IndexedRange.m in Sources */,
			);
			runOnlyForDeploymentPostprocessing = 0;
		};
		3F0D2AF6288D26FB00E72797 /* Sources */ = {
			isa = PBXSourcesBuildPhase;
			buildActionMask = 2147483647;
			files = (
				3F0D2B2B288D4AF700E72797 /* MMLayoutManager.m in Sources */,
				3F0D2B18288D2AB900E72797 /* UIView+Frame.m in Sources */,
				3F0D2B21288D33A300E72797 /* MMImageAttachmentView.m in Sources */,
				3FC8A9A628917D8E00B3DD02 /* NSObject+YYModel.m in Sources */,
				3F0D2B04288D26FB00E72797 /* ViewController.m in Sources */,
				3F0D2B28288D462F00E72797 /* MMAttachmentData.m in Sources */,
				3F0D2AFE288D26FB00E72797 /* AppDelegate.m in Sources */,
				3F0D2B1E288D30BD00E72797 /* MMAttachmentView.m in Sources */,
				3F0D2B24288D33B700E72797 /* MMFileAttachmentView.m in Sources */,
				3FC8A9F028917E4200B3DD02 /* YYClassInfo.m in Sources */,
				3F0D2B15288D2A7600E72797 /* MMTextView.m in Sources */,
				3F0D2B1B288D2EA800E72797 /* MMTextAttachment.m in Sources */,
				3F0D2B0F288D26FC00E72797 /* main.m in Sources */,
			);
			runOnlyForDeploymentPostprocessing = 0;
		};
		3FC8AB592895184600B3DD02 /* Sources */ = {
			isa = PBXSourcesBuildPhase;
			buildActionMask = 2147483647;
			files = (
				3FCB7AA4289C15F0001AB61A /* ColoringTextStorage.m in Sources */,
				3FC8AB782895187900B3DD02 /* CircleTextViewController.m in Sources */,
				3FC8AB612895184600B3DD02 /* AppDelegate.m in Sources */,
				3FC8AB722895184700B3DD02 /* main.m in Sources */,
				3FC8AB802895320B00B3DD02 /* ExcludePathViewController.m in Sources */,
				3FCB7AA1289ABB9E001AB61A /* ColorTextViewController.m in Sources */,
				3FC8AB7B2895189F00B3DD02 /* CircleTextContainer.m in Sources */,
			);
			runOnlyForDeploymentPostprocessing = 0;
		};
		3FCDBBE729A50CE4007FEC27 /* Sources */ = {
			isa = PBXSourcesBuildPhase;
			buildActionMask = 2147483647;
			files = (
				3FCDBBF529A50D5C007FEC27 /* MMTextAnimationLabel.m in Sources */,
				3F19CBF029A51E8900496FB4 /* MMTextLayerAnimation.m in Sources */,
			);
			runOnlyForDeploymentPostprocessing = 0;
		};
/* End PBXSourcesBuildPhase section */

/* Begin PBXTargetDependency section */
		3F0AFECD29A5278F00CF7957 /* PBXTargetDependency */ = {
			isa = PBXTargetDependency;
			target = 3FCDBBEA29A50CE4007FEC27 /* MMText */;
			targetProxy = 3F0AFECC29A5278F00CF7957 /* PBXContainerItemProxy */;
		};
/* End PBXTargetDependency section */

/* Begin PBXVariantGroup section */
		3F0AFEBB29A525FE00CF7957 /* Main.storyboard */ = {
			isa = PBXVariantGroup;
			children = (
				3F0AFEBC29A525FE00CF7957 /* Base */,
			);
			name = Main.storyboard;
			sourceTree = "<group>";
		};
		3F0AFEC029A525FF00CF7957 /* LaunchScreen.storyboard */ = {
			isa = PBXVariantGroup;
			children = (
				3F0AFEC129A525FF00CF7957 /* Base */,
			);
			name = LaunchScreen.storyboard;
			sourceTree = "<group>";
		};
		3F0D2A58288D1F7300E72797 /* Main.storyboard */ = {
			isa = PBXVariantGroup;
			children = (
				3F0D2A59288D1F7300E72797 /* Base */,
			);
			name = Main.storyboard;
			sourceTree = "<group>";
		};
		3F0D2A5D288D1F7400E72797 /* LaunchScreen.storyboard */ = {
			isa = PBXVariantGroup;
			children = (
				3F0D2A5E288D1F7400E72797 /* Base */,
			);
			name = LaunchScreen.storyboard;
			sourceTree = "<group>";
		};
		3F0D2A96288D21CC00E72797 /* Main.storyboard */ = {
			isa = PBXVariantGroup;
			children = (
				3F0D2A97288D21CC00E72797 /* Base */,
			);
			name = Main.storyboard;
			sourceTree = "<group>";
		};
		3F0D2A9B288D21CC00E72797 /* LaunchScreen.storyboard */ = {
			isa = PBXVariantGroup;
			children = (
				3F0D2A9C288D21CC00E72797 /* Base */,
			);
			name = LaunchScreen.storyboard;
			sourceTree = "<group>";
		};
		3F0D2AB3288D22EC00E72797 /* Main.storyboard */ = {
			isa = PBXVariantGroup;
			children = (
				3F0D2AB4288D22EC00E72797 /* Base */,
			);
			name = Main.storyboard;
			sourceTree = "<group>";
		};
		3F0D2AB8288D22ED00E72797 /* LaunchScreen.storyboard */ = {
			isa = PBXVariantGroup;
			children = (
				3F0D2AB9288D22ED00E72797 /* Base */,
			);
			name = LaunchScreen.storyboard;
			sourceTree = "<group>";
		};
		3F0D2AD7288D253500E72797 /* Main.storyboard */ = {
			isa = PBXVariantGroup;
			children = (
				3F0D2AD8288D253500E72797 /* Base */,
			);
			name = Main.storyboard;
			sourceTree = "<group>";
		};
		3F0D2ADC288D253600E72797 /* LaunchScreen.storyboard */ = {
			isa = PBXVariantGroup;
			children = (
				3F0D2ADD288D253600E72797 /* Base */,
			);
			name = LaunchScreen.storyboard;
			sourceTree = "<group>";
		};
		3F0D2B0A288D26FC00E72797 /* LaunchScreen.storyboard */ = {
			isa = PBXVariantGroup;
			children = (
				3F0D2B0B288D26FC00E72797 /* Base */,
			);
			name = LaunchScreen.storyboard;
			sourceTree = "<group>";
		};
		3FC8AB6D2895184700B3DD02 /* LaunchScreen.storyboard */ = {
			isa = PBXVariantGroup;
			children = (
				3FC8AB6E2895184700B3DD02 /* Base */,
			);
			name = LaunchScreen.storyboard;
			sourceTree = "<group>";
		};
/* End PBXVariantGroup section */

/* Begin XCBuildConfiguration section */
		3F0AFEC629A525FF00CF7957 /* Debug */ = {
			isa = XCBuildConfiguration;
			buildSettings = {
				ASSETCATALOG_COMPILER_APPICON_NAME = AppIcon;
				ASSETCATALOG_COMPILER_GLOBAL_ACCENT_COLOR_NAME = AccentColor;
				CLANG_CXX_LANGUAGE_STANDARD = "gnu++20";
				CODE_SIGN_STYLE = Automatic;
				CURRENT_PROJECT_VERSION = 1;
				DEVELOPMENT_TEAM = 86JSFRSCH9;
				GENERATE_INFOPLIST_FILE = YES;
				INFOPLIST_FILE = Examples/Info.plist;
				INFOPLIST_KEY_UIApplicationSupportsIndirectInputEvents = YES;
				INFOPLIST_KEY_UILaunchStoryboardName = LaunchScreen;
				INFOPLIST_KEY_UIMainStoryboardFile = Main;
				INFOPLIST_KEY_UISupportedInterfaceOrientations_iPad = "UIInterfaceOrientationPortrait UIInterfaceOrientationPortraitUpsideDown UIInterfaceOrientationLandscapeLeft UIInterfaceOrientationLandscapeRight";
				INFOPLIST_KEY_UISupportedInterfaceOrientations_iPhone = "UIInterfaceOrientationPortrait UIInterfaceOrientationLandscapeLeft UIInterfaceOrientationLandscapeRight";
				IPHONEOS_DEPLOYMENT_TARGET = 16.2;
				LD_RUNPATH_SEARCH_PATHS = (
					"$(inherited)",
					"@executable_path/Frameworks",
				);
				MARKETING_VERSION = 1.0;
				PRODUCT_BUNDLE_IDENTIFIER = com.jane.Examples;
				PRODUCT_NAME = "$(TARGET_NAME)";
				SWIFT_EMIT_LOC_STRINGS = YES;
				TARGETED_DEVICE_FAMILY = "1,2";
			};
			name = Debug;
		};
		3F0AFEC729A525FF00CF7957 /* Release */ = {
			isa = XCBuildConfiguration;
			buildSettings = {
				ASSETCATALOG_COMPILER_APPICON_NAME = AppIcon;
				ASSETCATALOG_COMPILER_GLOBAL_ACCENT_COLOR_NAME = AccentColor;
				CLANG_CXX_LANGUAGE_STANDARD = "gnu++20";
				CODE_SIGN_STYLE = Automatic;
				CURRENT_PROJECT_VERSION = 1;
				DEVELOPMENT_TEAM = 86JSFRSCH9;
				GENERATE_INFOPLIST_FILE = YES;
				INFOPLIST_FILE = Examples/Info.plist;
				INFOPLIST_KEY_UIApplicationSupportsIndirectInputEvents = YES;
				INFOPLIST_KEY_UILaunchStoryboardName = LaunchScreen;
				INFOPLIST_KEY_UIMainStoryboardFile = Main;
				INFOPLIST_KEY_UISupportedInterfaceOrientations_iPad = "UIInterfaceOrientationPortrait UIInterfaceOrientationPortraitUpsideDown UIInterfaceOrientationLandscapeLeft UIInterfaceOrientationLandscapeRight";
				INFOPLIST_KEY_UISupportedInterfaceOrientations_iPhone = "UIInterfaceOrientationPortrait UIInterfaceOrientationLandscapeLeft UIInterfaceOrientationLandscapeRight";
				IPHONEOS_DEPLOYMENT_TARGET = 16.2;
				LD_RUNPATH_SEARCH_PATHS = (
					"$(inherited)",
					"@executable_path/Frameworks",
				);
				MARKETING_VERSION = 1.0;
				PRODUCT_BUNDLE_IDENTIFIER = com.jane.Examples;
				PRODUCT_NAME = "$(TARGET_NAME)";
				SWIFT_EMIT_LOC_STRINGS = YES;
				TARGETED_DEVICE_FAMILY = "1,2";
			};
			name = Release;
		};
		3F0D2A44288D1E6900E72797 /* Debug */ = {
			isa = XCBuildConfiguration;
			buildSettings = {
				ALWAYS_SEARCH_USER_PATHS = NO;
				CLANG_ANALYZER_NONNULL = YES;
				CLANG_ANALYZER_NUMBER_OBJECT_CONVERSION = YES_AGGRESSIVE;
				CLANG_CXX_LANGUAGE_STANDARD = "gnu++17";
				CLANG_ENABLE_MODULES = YES;
				CLANG_ENABLE_OBJC_ARC = YES;
				CLANG_ENABLE_OBJC_WEAK = YES;
				CLANG_WARN_BLOCK_CAPTURE_AUTORELEASING = YES;
				CLANG_WARN_BOOL_CONVERSION = YES;
				CLANG_WARN_COMMA = YES;
				CLANG_WARN_CONSTANT_CONVERSION = YES;
				CLANG_WARN_DEPRECATED_OBJC_IMPLEMENTATIONS = YES;
				CLANG_WARN_DIRECT_OBJC_ISA_USAGE = YES_ERROR;
				CLANG_WARN_DOCUMENTATION_COMMENTS = YES;
				CLANG_WARN_EMPTY_BODY = YES;
				CLANG_WARN_ENUM_CONVERSION = YES;
				CLANG_WARN_INFINITE_RECURSION = YES;
				CLANG_WARN_INT_CONVERSION = YES;
				CLANG_WARN_NON_LITERAL_NULL_CONVERSION = YES;
				CLANG_WARN_OBJC_IMPLICIT_RETAIN_SELF = YES;
				CLANG_WARN_OBJC_LITERAL_CONVERSION = YES;
				CLANG_WARN_OBJC_ROOT_CLASS = YES_ERROR;
				CLANG_WARN_QUOTED_INCLUDE_IN_FRAMEWORK_HEADER = YES;
				CLANG_WARN_RANGE_LOOP_ANALYSIS = YES;
				CLANG_WARN_STRICT_PROTOTYPES = YES;
				CLANG_WARN_SUSPICIOUS_MOVE = YES;
				CLANG_WARN_UNGUARDED_AVAILABILITY = YES_AGGRESSIVE;
				CLANG_WARN_UNREACHABLE_CODE = YES;
				CLANG_WARN__DUPLICATE_METHOD_MATCH = YES;
				COPY_PHASE_STRIP = NO;
				DEBUG_INFORMATION_FORMAT = dwarf;
				ENABLE_STRICT_OBJC_MSGSEND = YES;
				ENABLE_TESTABILITY = YES;
				GCC_C_LANGUAGE_STANDARD = gnu11;
				GCC_DYNAMIC_NO_PIC = NO;
				GCC_NO_COMMON_BLOCKS = YES;
				GCC_OPTIMIZATION_LEVEL = 0;
				GCC_PREPROCESSOR_DEFINITIONS = (
					"DEBUG=1",
					"$(inherited)",
				);
				GCC_WARN_64_TO_32_BIT_CONVERSION = YES;
				GCC_WARN_ABOUT_RETURN_TYPE = YES_ERROR;
				GCC_WARN_UNDECLARED_SELECTOR = YES;
				GCC_WARN_UNINITIALIZED_AUTOS = YES_AGGRESSIVE;
				GCC_WARN_UNUSED_FUNCTION = YES;
				GCC_WARN_UNUSED_VARIABLE = YES;
				IPHONEOS_DEPLOYMENT_TARGET = 15.4;
				MTL_ENABLE_DEBUG_INFO = INCLUDE_SOURCE;
				MTL_FAST_MATH = YES;
				ONLY_ACTIVE_ARCH = YES;
				SDKROOT = iphoneos;
			};
			name = Debug;
		};
		3F0D2A45288D1E6900E72797 /* Release */ = {
			isa = XCBuildConfiguration;
			buildSettings = {
				ALWAYS_SEARCH_USER_PATHS = NO;
				CLANG_ANALYZER_NONNULL = YES;
				CLANG_ANALYZER_NUMBER_OBJECT_CONVERSION = YES_AGGRESSIVE;
				CLANG_CXX_LANGUAGE_STANDARD = "gnu++17";
				CLANG_ENABLE_MODULES = YES;
				CLANG_ENABLE_OBJC_ARC = YES;
				CLANG_ENABLE_OBJC_WEAK = YES;
				CLANG_WARN_BLOCK_CAPTURE_AUTORELEASING = YES;
				CLANG_WARN_BOOL_CONVERSION = YES;
				CLANG_WARN_COMMA = YES;
				CLANG_WARN_CONSTANT_CONVERSION = YES;
				CLANG_WARN_DEPRECATED_OBJC_IMPLEMENTATIONS = YES;
				CLANG_WARN_DIRECT_OBJC_ISA_USAGE = YES_ERROR;
				CLANG_WARN_DOCUMENTATION_COMMENTS = YES;
				CLANG_WARN_EMPTY_BODY = YES;
				CLANG_WARN_ENUM_CONVERSION = YES;
				CLANG_WARN_INFINITE_RECURSION = YES;
				CLANG_WARN_INT_CONVERSION = YES;
				CLANG_WARN_NON_LITERAL_NULL_CONVERSION = YES;
				CLANG_WARN_OBJC_IMPLICIT_RETAIN_SELF = YES;
				CLANG_WARN_OBJC_LITERAL_CONVERSION = YES;
				CLANG_WARN_OBJC_ROOT_CLASS = YES_ERROR;
				CLANG_WARN_QUOTED_INCLUDE_IN_FRAMEWORK_HEADER = YES;
				CLANG_WARN_RANGE_LOOP_ANALYSIS = YES;
				CLANG_WARN_STRICT_PROTOTYPES = YES;
				CLANG_WARN_SUSPICIOUS_MOVE = YES;
				CLANG_WARN_UNGUARDED_AVAILABILITY = YES_AGGRESSIVE;
				CLANG_WARN_UNREACHABLE_CODE = YES;
				CLANG_WARN__DUPLICATE_METHOD_MATCH = YES;
				COPY_PHASE_STRIP = NO;
				DEBUG_INFORMATION_FORMAT = "dwarf-with-dsym";
				ENABLE_NS_ASSERTIONS = NO;
				ENABLE_STRICT_OBJC_MSGSEND = YES;
				GCC_C_LANGUAGE_STANDARD = gnu11;
				GCC_NO_COMMON_BLOCKS = YES;
				GCC_WARN_64_TO_32_BIT_CONVERSION = YES;
				GCC_WARN_ABOUT_RETURN_TYPE = YES_ERROR;
				GCC_WARN_UNDECLARED_SELECTOR = YES;
				GCC_WARN_UNINITIALIZED_AUTOS = YES_AGGRESSIVE;
				GCC_WARN_UNUSED_FUNCTION = YES;
				GCC_WARN_UNUSED_VARIABLE = YES;
				IPHONEOS_DEPLOYMENT_TARGET = 15.4;
				MTL_ENABLE_DEBUG_INFO = NO;
				MTL_FAST_MATH = YES;
				SDKROOT = iphoneos;
				VALIDATE_PRODUCT = YES;
			};
			name = Release;
		};
		3F0D2A64288D1F7400E72797 /* Debug */ = {
			isa = XCBuildConfiguration;
			buildSettings = {
				ASSETCATALOG_COMPILER_APPICON_NAME = AppIcon;
				ASSETCATALOG_COMPILER_GLOBAL_ACCENT_COLOR_NAME = AccentColor;
				CODE_SIGN_STYLE = Automatic;
				CURRENT_PROJECT_VERSION = 1;
				DEVELOPMENT_TEAM = 86JSFRSCH9;
				GCC_PRECOMPILE_PREFIX_HEADER = NO;
				GCC_PREFIX_HEADER = "TQCoreText/CoreText-Prefix.pch";
				GENERATE_INFOPLIST_FILE = YES;
				INFOPLIST_FILE = TQCoreText/Info.plist;
				INFOPLIST_KEY_UIApplicationSupportsIndirectInputEvents = YES;
				INFOPLIST_KEY_UILaunchStoryboardName = LaunchScreen;
				INFOPLIST_KEY_UIMainStoryboardFile = Main;
				INFOPLIST_KEY_UISupportedInterfaceOrientations_iPad = "UIInterfaceOrientationPortrait UIInterfaceOrientationPortraitUpsideDown UIInterfaceOrientationLandscapeLeft UIInterfaceOrientationLandscapeRight";
				INFOPLIST_KEY_UISupportedInterfaceOrientations_iPhone = "UIInterfaceOrientationPortrait UIInterfaceOrientationLandscapeLeft UIInterfaceOrientationLandscapeRight";
				LD_RUNPATH_SEARCH_PATHS = (
					"$(inherited)",
					"@executable_path/Frameworks",
				);
				MARKETING_VERSION = 1.0;
				PRODUCT_BUNDLE_IDENTIFIER = com.jane.TQCoreText;
				PRODUCT_NAME = "$(TARGET_NAME)";
				SWIFT_EMIT_LOC_STRINGS = YES;
				TARGETED_DEVICE_FAMILY = "1,2";
			};
			name = Debug;
		};
		3F0D2A65288D1F7400E72797 /* Release */ = {
			isa = XCBuildConfiguration;
			buildSettings = {
				ASSETCATALOG_COMPILER_APPICON_NAME = AppIcon;
				ASSETCATALOG_COMPILER_GLOBAL_ACCENT_COLOR_NAME = AccentColor;
				CODE_SIGN_STYLE = Automatic;
				CURRENT_PROJECT_VERSION = 1;
				DEVELOPMENT_TEAM = 86JSFRSCH9;
				GCC_PRECOMPILE_PREFIX_HEADER = NO;
				GCC_PREFIX_HEADER = "TQCoreText/CoreText-Prefix.pch";
				GENERATE_INFOPLIST_FILE = YES;
				INFOPLIST_FILE = TQCoreText/Info.plist;
				INFOPLIST_KEY_UIApplicationSupportsIndirectInputEvents = YES;
				INFOPLIST_KEY_UILaunchStoryboardName = LaunchScreen;
				INFOPLIST_KEY_UIMainStoryboardFile = Main;
				INFOPLIST_KEY_UISupportedInterfaceOrientations_iPad = "UIInterfaceOrientationPortrait UIInterfaceOrientationPortraitUpsideDown UIInterfaceOrientationLandscapeLeft UIInterfaceOrientationLandscapeRight";
				INFOPLIST_KEY_UISupportedInterfaceOrientations_iPhone = "UIInterfaceOrientationPortrait UIInterfaceOrientationLandscapeLeft UIInterfaceOrientationLandscapeRight";
				LD_RUNPATH_SEARCH_PATHS = (
					"$(inherited)",
					"@executable_path/Frameworks",
				);
				MARKETING_VERSION = 1.0;
				PRODUCT_BUNDLE_IDENTIFIER = com.jane.TQCoreText;
				PRODUCT_NAME = "$(TARGET_NAME)";
				SWIFT_EMIT_LOC_STRINGS = YES;
				TARGETED_DEVICE_FAMILY = "1,2";
			};
			name = Release;
		};
		3F0D2AA1288D21CC00E72797 /* Debug */ = {
			isa = XCBuildConfiguration;
			buildSettings = {
				ASSETCATALOG_COMPILER_APPICON_NAME = AppIcon;
				ASSETCATALOG_COMPILER_GLOBAL_ACCENT_COLOR_NAME = AccentColor;
				CODE_SIGN_STYLE = Automatic;
				CURRENT_PROJECT_VERSION = 1;
				DEVELOPMENT_TEAM = 86JSFRSCH9;
				GENERATE_INFOPLIST_FILE = YES;
				INFOPLIST_FILE = TextMask/Info.plist;
				INFOPLIST_KEY_UIApplicationSupportsIndirectInputEvents = YES;
				INFOPLIST_KEY_UILaunchStoryboardName = LaunchScreen;
				INFOPLIST_KEY_UIMainStoryboardFile = Main;
				INFOPLIST_KEY_UISupportedInterfaceOrientations_iPad = "UIInterfaceOrientationPortrait UIInterfaceOrientationPortraitUpsideDown UIInterfaceOrientationLandscapeLeft UIInterfaceOrientationLandscapeRight";
				INFOPLIST_KEY_UISupportedInterfaceOrientations_iPhone = "UIInterfaceOrientationPortrait UIInterfaceOrientationLandscapeLeft UIInterfaceOrientationLandscapeRight";
				LD_RUNPATH_SEARCH_PATHS = (
					"$(inherited)",
					"@executable_path/Frameworks",
				);
				MARKETING_VERSION = 1.0;
				PRODUCT_BUNDLE_IDENTIFIER = com.jane.TextMask;
				PRODUCT_NAME = "$(TARGET_NAME)";
				SWIFT_EMIT_LOC_STRINGS = YES;
				TARGETED_DEVICE_FAMILY = "1,2";
			};
			name = Debug;
		};
		3F0D2AA2288D21CC00E72797 /* Release */ = {
			isa = XCBuildConfiguration;
			buildSettings = {
				ASSETCATALOG_COMPILER_APPICON_NAME = AppIcon;
				ASSETCATALOG_COMPILER_GLOBAL_ACCENT_COLOR_NAME = AccentColor;
				CODE_SIGN_STYLE = Automatic;
				CURRENT_PROJECT_VERSION = 1;
				DEVELOPMENT_TEAM = 86JSFRSCH9;
				GENERATE_INFOPLIST_FILE = YES;
				INFOPLIST_FILE = TextMask/Info.plist;
				INFOPLIST_KEY_UIApplicationSupportsIndirectInputEvents = YES;
				INFOPLIST_KEY_UILaunchStoryboardName = LaunchScreen;
				INFOPLIST_KEY_UIMainStoryboardFile = Main;
				INFOPLIST_KEY_UISupportedInterfaceOrientations_iPad = "UIInterfaceOrientationPortrait UIInterfaceOrientationPortraitUpsideDown UIInterfaceOrientationLandscapeLeft UIInterfaceOrientationLandscapeRight";
				INFOPLIST_KEY_UISupportedInterfaceOrientations_iPhone = "UIInterfaceOrientationPortrait UIInterfaceOrientationLandscapeLeft UIInterfaceOrientationLandscapeRight";
				LD_RUNPATH_SEARCH_PATHS = (
					"$(inherited)",
					"@executable_path/Frameworks",
				);
				MARKETING_VERSION = 1.0;
				PRODUCT_BUNDLE_IDENTIFIER = com.jane.TextMask;
				PRODUCT_NAME = "$(TARGET_NAME)";
				SWIFT_EMIT_LOC_STRINGS = YES;
				TARGETED_DEVICE_FAMILY = "1,2";
			};
			name = Release;
		};
		3F0D2ABE288D22ED00E72797 /* Debug */ = {
			isa = XCBuildConfiguration;
			buildSettings = {
				ASSETCATALOG_COMPILER_APPICON_NAME = AppIcon;
				ASSETCATALOG_COMPILER_GLOBAL_ACCENT_COLOR_NAME = AccentColor;
				CODE_SIGN_STYLE = Automatic;
				CURRENT_PROJECT_VERSION = 1;
				DEVELOPMENT_TEAM = 86JSFRSCH9;
				GENERATE_INFOPLIST_FILE = YES;
				INFOPLIST_FILE = ColumnarLayout/Info.plist;
				INFOPLIST_KEY_UIApplicationSupportsIndirectInputEvents = YES;
				INFOPLIST_KEY_UILaunchStoryboardName = LaunchScreen;
				INFOPLIST_KEY_UIMainStoryboardFile = Main;
				INFOPLIST_KEY_UISupportedInterfaceOrientations_iPad = "UIInterfaceOrientationPortrait UIInterfaceOrientationPortraitUpsideDown UIInterfaceOrientationLandscapeLeft UIInterfaceOrientationLandscapeRight";
				INFOPLIST_KEY_UISupportedInterfaceOrientations_iPhone = "UIInterfaceOrientationPortrait UIInterfaceOrientationLandscapeLeft UIInterfaceOrientationLandscapeRight";
				LD_RUNPATH_SEARCH_PATHS = (
					"$(inherited)",
					"@executable_path/Frameworks",
				);
				MARKETING_VERSION = 1.0;
				PRODUCT_BUNDLE_IDENTIFIER = com.jane.ColumnarLayout;
				PRODUCT_NAME = "$(TARGET_NAME)";
				SWIFT_EMIT_LOC_STRINGS = YES;
				TARGETED_DEVICE_FAMILY = "1,2";
			};
			name = Debug;
		};
		3F0D2ABF288D22ED00E72797 /* Release */ = {
			isa = XCBuildConfiguration;
			buildSettings = {
				ASSETCATALOG_COMPILER_APPICON_NAME = AppIcon;
				ASSETCATALOG_COMPILER_GLOBAL_ACCENT_COLOR_NAME = AccentColor;
				CODE_SIGN_STYLE = Automatic;
				CURRENT_PROJECT_VERSION = 1;
				DEVELOPMENT_TEAM = 86JSFRSCH9;
				GENERATE_INFOPLIST_FILE = YES;
				INFOPLIST_FILE = ColumnarLayout/Info.plist;
				INFOPLIST_KEY_UIApplicationSupportsIndirectInputEvents = YES;
				INFOPLIST_KEY_UILaunchStoryboardName = LaunchScreen;
				INFOPLIST_KEY_UIMainStoryboardFile = Main;
				INFOPLIST_KEY_UISupportedInterfaceOrientations_iPad = "UIInterfaceOrientationPortrait UIInterfaceOrientationPortraitUpsideDown UIInterfaceOrientationLandscapeLeft UIInterfaceOrientationLandscapeRight";
				INFOPLIST_KEY_UISupportedInterfaceOrientations_iPhone = "UIInterfaceOrientationPortrait UIInterfaceOrientationLandscapeLeft UIInterfaceOrientationLandscapeRight";
				LD_RUNPATH_SEARCH_PATHS = (
					"$(inherited)",
					"@executable_path/Frameworks",
				);
				MARKETING_VERSION = 1.0;
				PRODUCT_BUNDLE_IDENTIFIER = com.jane.ColumnarLayout;
				PRODUCT_NAME = "$(TARGET_NAME)";
				SWIFT_EMIT_LOC_STRINGS = YES;
				TARGETED_DEVICE_FAMILY = "1,2";
			};
			name = Release;
		};
		3F0D2AE3288D253600E72797 /* Debug */ = {
			isa = XCBuildConfiguration;
			buildSettings = {
				ASSETCATALOG_COMPILER_APPICON_NAME = AppIcon;
				ASSETCATALOG_COMPILER_GLOBAL_ACCENT_COLOR_NAME = AccentColor;
				CODE_SIGN_STYLE = Automatic;
				CURRENT_PROJECT_VERSION = 1;
				DEVELOPMENT_TEAM = 86JSFRSCH9;
				GENERATE_INFOPLIST_FILE = YES;
				INFOPLIST_FILE = CustomTextInput/Info.plist;
				INFOPLIST_KEY_UIApplicationSupportsIndirectInputEvents = YES;
				INFOPLIST_KEY_UILaunchStoryboardName = LaunchScreen;
				INFOPLIST_KEY_UIMainStoryboardFile = Main;
				INFOPLIST_KEY_UISupportedInterfaceOrientations_iPad = "UIInterfaceOrientationPortrait UIInterfaceOrientationPortraitUpsideDown UIInterfaceOrientationLandscapeLeft UIInterfaceOrientationLandscapeRight";
				INFOPLIST_KEY_UISupportedInterfaceOrientations_iPhone = "UIInterfaceOrientationPortrait UIInterfaceOrientationLandscapeLeft UIInterfaceOrientationLandscapeRight";
				LD_RUNPATH_SEARCH_PATHS = (
					"$(inherited)",
					"@executable_path/Frameworks",
				);
				MARKETING_VERSION = 1.0;
				PRODUCT_BUNDLE_IDENTIFIER = com.jane.CustomTextInput;
				PRODUCT_NAME = "$(TARGET_NAME)";
				SWIFT_EMIT_LOC_STRINGS = YES;
				TARGETED_DEVICE_FAMILY = "1,2";
			};
			name = Debug;
		};
		3F0D2AE4288D253600E72797 /* Release */ = {
			isa = XCBuildConfiguration;
			buildSettings = {
				ASSETCATALOG_COMPILER_APPICON_NAME = AppIcon;
				ASSETCATALOG_COMPILER_GLOBAL_ACCENT_COLOR_NAME = AccentColor;
				CODE_SIGN_STYLE = Automatic;
				CURRENT_PROJECT_VERSION = 1;
				DEVELOPMENT_TEAM = 86JSFRSCH9;
				GENERATE_INFOPLIST_FILE = YES;
				INFOPLIST_FILE = CustomTextInput/Info.plist;
				INFOPLIST_KEY_UIApplicationSupportsIndirectInputEvents = YES;
				INFOPLIST_KEY_UILaunchStoryboardName = LaunchScreen;
				INFOPLIST_KEY_UIMainStoryboardFile = Main;
				INFOPLIST_KEY_UISupportedInterfaceOrientations_iPad = "UIInterfaceOrientationPortrait UIInterfaceOrientationPortraitUpsideDown UIInterfaceOrientationLandscapeLeft UIInterfaceOrientationLandscapeRight";
				INFOPLIST_KEY_UISupportedInterfaceOrientations_iPhone = "UIInterfaceOrientationPortrait UIInterfaceOrientationLandscapeLeft UIInterfaceOrientationLandscapeRight";
				LD_RUNPATH_SEARCH_PATHS = (
					"$(inherited)",
					"@executable_path/Frameworks",
				);
				MARKETING_VERSION = 1.0;
				PRODUCT_BUNDLE_IDENTIFIER = com.jane.CustomTextInput;
				PRODUCT_NAME = "$(TARGET_NAME)";
				SWIFT_EMIT_LOC_STRINGS = YES;
				TARGETED_DEVICE_FAMILY = "1,2";
			};
			name = Release;
		};
		3F0D2B10288D26FC00E72797 /* Debug */ = {
			isa = XCBuildConfiguration;
			buildSettings = {
				ASSETCATALOG_COMPILER_APPICON_NAME = AppIcon;
				ASSETCATALOG_COMPILER_GLOBAL_ACCENT_COLOR_NAME = AccentColor;
				CODE_SIGN_STYLE = Automatic;
				CURRENT_PROJECT_VERSION = 1;
				DEVELOPMENT_TEAM = 86JSFRSCH9;
				GCC_PREFIX_HEADER = MMTextView/PrefixHeader.pch;
				GENERATE_INFOPLIST_FILE = YES;
				INFOPLIST_FILE = MMTextView/Info.plist;
				INFOPLIST_KEY_UIApplicationSupportsIndirectInputEvents = YES;
				INFOPLIST_KEY_UILaunchStoryboardName = LaunchScreen;
				INFOPLIST_KEY_UISupportedInterfaceOrientations_iPad = "UIInterfaceOrientationPortrait UIInterfaceOrientationPortraitUpsideDown UIInterfaceOrientationLandscapeLeft UIInterfaceOrientationLandscapeRight";
				INFOPLIST_KEY_UISupportedInterfaceOrientations_iPhone = "UIInterfaceOrientationPortrait UIInterfaceOrientationLandscapeLeft UIInterfaceOrientationLandscapeRight";
				LD_RUNPATH_SEARCH_PATHS = (
					"$(inherited)",
					"@executable_path/Frameworks",
				);
				MARKETING_VERSION = 1.0;
				PRODUCT_BUNDLE_IDENTIFIER = com.jane.MMTextView;
				PRODUCT_NAME = "$(TARGET_NAME)";
				SWIFT_EMIT_LOC_STRINGS = YES;
				TARGETED_DEVICE_FAMILY = "1,2";
			};
			name = Debug;
		};
		3F0D2B11288D26FC00E72797 /* Release */ = {
			isa = XCBuildConfiguration;
			buildSettings = {
				ASSETCATALOG_COMPILER_APPICON_NAME = AppIcon;
				ASSETCATALOG_COMPILER_GLOBAL_ACCENT_COLOR_NAME = AccentColor;
				CODE_SIGN_STYLE = Automatic;
				CURRENT_PROJECT_VERSION = 1;
				DEVELOPMENT_TEAM = 86JSFRSCH9;
				GCC_PREFIX_HEADER = MMTextView/PrefixHeader.pch;
				GENERATE_INFOPLIST_FILE = YES;
				INFOPLIST_FILE = MMTextView/Info.plist;
				INFOPLIST_KEY_UIApplicationSupportsIndirectInputEvents = YES;
				INFOPLIST_KEY_UILaunchStoryboardName = LaunchScreen;
				INFOPLIST_KEY_UISupportedInterfaceOrientations_iPad = "UIInterfaceOrientationPortrait UIInterfaceOrientationPortraitUpsideDown UIInterfaceOrientationLandscapeLeft UIInterfaceOrientationLandscapeRight";
				INFOPLIST_KEY_UISupportedInterfaceOrientations_iPhone = "UIInterfaceOrientationPortrait UIInterfaceOrientationLandscapeLeft UIInterfaceOrientationLandscapeRight";
				LD_RUNPATH_SEARCH_PATHS = (
					"$(inherited)",
					"@executable_path/Frameworks",
				);
				MARKETING_VERSION = 1.0;
				PRODUCT_BUNDLE_IDENTIFIER = com.jane.MMTextView;
				PRODUCT_NAME = "$(TARGET_NAME)";
				SWIFT_EMIT_LOC_STRINGS = YES;
				TARGETED_DEVICE_FAMILY = "1,2";
			};
			name = Release;
		};
		3FC8AB732895184700B3DD02 /* Debug */ = {
			isa = XCBuildConfiguration;
			buildSettings = {
				ASSETCATALOG_COMPILER_APPICON_NAME = AppIcon;
				ASSETCATALOG_COMPILER_GLOBAL_ACCENT_COLOR_NAME = AccentColor;
				CODE_SIGN_STYLE = Automatic;
				CURRENT_PROJECT_VERSION = 1;
				DEVELOPMENT_TEAM = 86JSFRSCH9;
				GENERATE_INFOPLIST_FILE = YES;
				INFOPLIST_FILE = TextKitLayout/Info.plist;
				INFOPLIST_KEY_UIApplicationSupportsIndirectInputEvents = YES;
				INFOPLIST_KEY_UILaunchStoryboardName = LaunchScreen;
				INFOPLIST_KEY_UISupportedInterfaceOrientations_iPad = "UIInterfaceOrientationPortrait UIInterfaceOrientationPortraitUpsideDown UIInterfaceOrientationLandscapeLeft UIInterfaceOrientationLandscapeRight";
				INFOPLIST_KEY_UISupportedInterfaceOrientations_iPhone = "UIInterfaceOrientationPortrait UIInterfaceOrientationLandscapeLeft UIInterfaceOrientationLandscapeRight";
				LD_RUNPATH_SEARCH_PATHS = (
					"$(inherited)",
					"@executable_path/Frameworks",
				);
				MARKETING_VERSION = 1.0;
				PRODUCT_BUNDLE_IDENTIFIER = com.jane.TextKitLayout;
				PRODUCT_NAME = "$(TARGET_NAME)";
				SWIFT_EMIT_LOC_STRINGS = YES;
				TARGETED_DEVICE_FAMILY = "1,2";
			};
			name = Debug;
		};
		3FC8AB742895184700B3DD02 /* Release */ = {
			isa = XCBuildConfiguration;
			buildSettings = {
				ASSETCATALOG_COMPILER_APPICON_NAME = AppIcon;
				ASSETCATALOG_COMPILER_GLOBAL_ACCENT_COLOR_NAME = AccentColor;
				CODE_SIGN_STYLE = Automatic;
				CURRENT_PROJECT_VERSION = 1;
				DEVELOPMENT_TEAM = 86JSFRSCH9;
				GENERATE_INFOPLIST_FILE = YES;
				INFOPLIST_FILE = TextKitLayout/Info.plist;
				INFOPLIST_KEY_UIApplicationSupportsIndirectInputEvents = YES;
				INFOPLIST_KEY_UILaunchStoryboardName = LaunchScreen;
				INFOPLIST_KEY_UISupportedInterfaceOrientations_iPad = "UIInterfaceOrientationPortrait UIInterfaceOrientationPortraitUpsideDown UIInterfaceOrientationLandscapeLeft UIInterfaceOrientationLandscapeRight";
				INFOPLIST_KEY_UISupportedInterfaceOrientations_iPhone = "UIInterfaceOrientationPortrait UIInterfaceOrientationLandscapeLeft UIInterfaceOrientationLandscapeRight";
				LD_RUNPATH_SEARCH_PATHS = (
					"$(inherited)",
					"@executable_path/Frameworks",
				);
				MARKETING_VERSION = 1.0;
				PRODUCT_BUNDLE_IDENTIFIER = com.jane.TextKitLayout;
				PRODUCT_NAME = "$(TARGET_NAME)";
				SWIFT_EMIT_LOC_STRINGS = YES;
				TARGETED_DEVICE_FAMILY = "1,2";
			};
			name = Release;
		};
		3FCDBBF029A50CE5007FEC27 /* Debug */ = {
			isa = XCBuildConfiguration;
			buildSettings = {
				CLANG_CXX_LANGUAGE_STANDARD = "gnu++20";
				CODE_SIGN_STYLE = Automatic;
				CURRENT_PROJECT_VERSION = 1;
				DEFINES_MODULE = YES;
				DEVELOPMENT_TEAM = 86JSFRSCH9;
				DYLIB_COMPATIBILITY_VERSION = 1;
				DYLIB_CURRENT_VERSION = 1;
				DYLIB_INSTALL_NAME_BASE = "@rpath";
				GENERATE_INFOPLIST_FILE = YES;
				INFOPLIST_KEY_NSHumanReadableCopyright = "";
				INSTALL_PATH = "$(LOCAL_LIBRARY_DIR)/Frameworks";
				IPHONEOS_DEPLOYMENT_TARGET = 16.2;
				LD_RUNPATH_SEARCH_PATHS = (
					"$(inherited)",
					"@executable_path/Frameworks",
					"@loader_path/Frameworks",
				);
				MARKETING_VERSION = 1.0;
				PRODUCT_BUNDLE_IDENTIFIER = com.jane.MMText;
				PRODUCT_NAME = "$(TARGET_NAME:c99extidentifier)";
				SKIP_INSTALL = YES;
				SWIFT_EMIT_LOC_STRINGS = YES;
				TARGETED_DEVICE_FAMILY = "1,2";
				VERSIONING_SYSTEM = "apple-generic";
				VERSION_INFO_PREFIX = "";
			};
			name = Debug;
		};
		3FCDBBF129A50CE5007FEC27 /* Release */ = {
			isa = XCBuildConfiguration;
			buildSettings = {
				CLANG_CXX_LANGUAGE_STANDARD = "gnu++20";
				CODE_SIGN_STYLE = Automatic;
				CURRENT_PROJECT_VERSION = 1;
				DEFINES_MODULE = YES;
				DEVELOPMENT_TEAM = 86JSFRSCH9;
				DYLIB_COMPATIBILITY_VERSION = 1;
				DYLIB_CURRENT_VERSION = 1;
				DYLIB_INSTALL_NAME_BASE = "@rpath";
				GENERATE_INFOPLIST_FILE = YES;
				INFOPLIST_KEY_NSHumanReadableCopyright = "";
				INSTALL_PATH = "$(LOCAL_LIBRARY_DIR)/Frameworks";
				IPHONEOS_DEPLOYMENT_TARGET = 16.2;
				LD_RUNPATH_SEARCH_PATHS = (
					"$(inherited)",
					"@executable_path/Frameworks",
					"@loader_path/Frameworks",
				);
				MARKETING_VERSION = 1.0;
				PRODUCT_BUNDLE_IDENTIFIER = com.jane.MMText;
				PRODUCT_NAME = "$(TARGET_NAME:c99extidentifier)";
				SKIP_INSTALL = YES;
				SWIFT_EMIT_LOC_STRINGS = YES;
				TARGETED_DEVICE_FAMILY = "1,2";
				VERSIONING_SYSTEM = "apple-generic";
				VERSION_INFO_PREFIX = "";
			};
			name = Release;
		};
/* End XCBuildConfiguration section */

/* Begin XCConfigurationList section */
		3F0AFEC829A525FF00CF7957 /* Build configuration list for PBXNativeTarget "Examples" */ = {
			isa = XCConfigurationList;
			buildConfigurations = (
				3F0AFEC629A525FF00CF7957 /* Debug */,
				3F0AFEC729A525FF00CF7957 /* Release */,
			);
			defaultConfigurationIsVisible = 0;
			defaultConfigurationName = Release;
		};
		3F0D2A28288D1E6800E72797 /* Build configuration list for PBXProject "MMText" */ = {
			isa = XCConfigurationList;
			buildConfigurations = (
				3F0D2A44288D1E6900E72797 /* Debug */,
				3F0D2A45288D1E6900E72797 /* Release */,
			);
			defaultConfigurationIsVisible = 0;
			defaultConfigurationName = Release;
		};
		3F0D2A63288D1F7400E72797 /* Build configuration list for PBXNativeTarget "TQCoreText" */ = {
			isa = XCConfigurationList;
			buildConfigurations = (
				3F0D2A64288D1F7400E72797 /* Debug */,
				3F0D2A65288D1F7400E72797 /* Release */,
			);
			defaultConfigurationIsVisible = 0;
			defaultConfigurationName = Release;
		};
		3F0D2AA3288D21CC00E72797 /* Build configuration list for PBXNativeTarget "TextMask" */ = {
			isa = XCConfigurationList;
			buildConfigurations = (
				3F0D2AA1288D21CC00E72797 /* Debug */,
				3F0D2AA2288D21CC00E72797 /* Release */,
			);
			defaultConfigurationIsVisible = 0;
			defaultConfigurationName = Release;
		};
		3F0D2AC0288D22ED00E72797 /* Build configuration list for PBXNativeTarget "ColumnarLayout" */ = {
			isa = XCConfigurationList;
			buildConfigurations = (
				3F0D2ABE288D22ED00E72797 /* Debug */,
				3F0D2ABF288D22ED00E72797 /* Release */,
			);
			defaultConfigurationIsVisible = 0;
			defaultConfigurationName = Release;
		};
		3F0D2AE2288D253600E72797 /* Build configuration list for PBXNativeTarget "CustomTextInput" */ = {
			isa = XCConfigurationList;
			buildConfigurations = (
				3F0D2AE3288D253600E72797 /* Debug */,
				3F0D2AE4288D253600E72797 /* Release */,
			);
			defaultConfigurationIsVisible = 0;
			defaultConfigurationName = Release;
		};
		3F0D2B12288D26FC00E72797 /* Build configuration list for PBXNativeTarget "MMTextView" */ = {
			isa = XCConfigurationList;
			buildConfigurations = (
				3F0D2B10288D26FC00E72797 /* Debug */,
				3F0D2B11288D26FC00E72797 /* Release */,
			);
			defaultConfigurationIsVisible = 0;
			defaultConfigurationName = Release;
		};
		3FC8AB752895184700B3DD02 /* Build configuration list for PBXNativeTarget "TextKitLayout" */ = {
			isa = XCConfigurationList;
			buildConfigurations = (
				3FC8AB732895184700B3DD02 /* Debug */,
				3FC8AB742895184700B3DD02 /* Release */,
			);
			defaultConfigurationIsVisible = 0;
			defaultConfigurationName = Release;
		};
		3FCDBBEF29A50CE5007FEC27 /* Build configuration list for PBXNativeTarget "MMText" */ = {
			isa = XCConfigurationList;
			buildConfigurations = (
				3FCDBBF029A50CE5007FEC27 /* Debug */,
				3FCDBBF129A50CE5007FEC27 /* Release */,
			);
			defaultConfigurationIsVisible = 0;
			defaultConfigurationName = Release;
		};
/* End XCConfigurationList section */
	};
	rootObject = 3F0D2A25288D1E6800E72797 /* Project object */;
}
